
Microsoft Visual Studio Solution File, Format Version 12.00
# Visual Studio 15
VisualStudioVersion = 15.0.27130.2010
MinimumVisualStudioVersion = 10.0.40219.1
Project("{FAE04EC0-301F-11D3-BF4B-00C04F79EFBC}") = "Gatherer.Android", "Gatherer\Gatherer.Android\Gatherer.Android.csproj", "{4776E6E3-1124-466D-8E27-52F65816EC17}"
EndProject
Project("{FAE04EC0-301F-11D3-BF4B-00C04F79EFBC}") = "Gatherer.iOS", "Gatherer\Gatherer.iOS\Gatherer.iOS.csproj", "{1E790B10-D053-43EE-8B04-D4F68AACD04C}"
EndProject
Project("{FAE04EC0-301F-11D3-BF4B-00C04F79EFBC}") = "Gatherer.UWP", "Gatherer\Gatherer.UWP\Gatherer.UWP.csproj", "{34B428F4-D211-4FE0-801A-9AD407F90416}"
EndProject
Project("{9A19103F-16F7-4668-BE54-9A1E7A4F7556}") = "Gatherer", "Gatherer\Gatherer\Gatherer.csproj", "{A8D46E69-A7B9-43E3-A1A1-09B2AED07522}"
EndProject
Project("{9A19103F-16F7-4668-BE54-9A1E7A4F7556}") = "Gatherer.Database", "Gatherer\Gatherer.Database\Gatherer.Database.csproj", "{9AFC6F1E-163D-4BC3-A16C-8907FD2B2C09}"
EndProject
Global
	GlobalSection(SolutionConfigurationPlatforms) = preSolution
		Ad-Hoc|Any CPU = Ad-Hoc|Any CPU
		Ad-Hoc|ARM = Ad-Hoc|ARM
		Ad-Hoc|iPhone = Ad-Hoc|iPhone
		Ad-Hoc|iPhoneSimulator = Ad-Hoc|iPhoneSimulator
		Ad-Hoc|x64 = Ad-Hoc|x64
		Ad-Hoc|x86 = Ad-Hoc|x86
		AppStore|Any CPU = AppStore|Any CPU
		AppStore|ARM = AppStore|ARM
		AppStore|iPhone = AppStore|iPhone
		AppStore|iPhoneSimulator = AppStore|iPhoneSimulator
		AppStore|x64 = AppStore|x64
		AppStore|x86 = AppStore|x86
		Debug|Any CPU = Debug|Any CPU
		Debug|ARM = Debug|ARM
		Debug|iPhone = Debug|iPhone
		Debug|iPhoneSimulator = Debug|iPhoneSimulator
		Debug|x64 = Debug|x64
		Debug|x86 = Debug|x86
		Release|Any CPU = Release|Any CPU
		Release|ARM = Release|ARM
		Release|iPhone = Release|iPhone
		Release|iPhoneSimulator = Release|iPhoneSimulator
		Release|x64 = Release|x64
		Release|x86 = Release|x86
	EndGlobalSection
	GlobalSection(ProjectConfigurationPlatforms) = postSolution
		{4776E6E3-1124-466D-8E27-52F65816EC17}.Ad-Hoc|Any CPU.ActiveCfg = Release|Any CPU
		{4776E6E3-1124-466D-8E27-52F65816EC17}.Ad-Hoc|Any CPU.Build.0 = Release|Any CPU
		{4776E6E3-1124-466D-8E27-52F65816EC17}.Ad-Hoc|Any CPU.Deploy.0 = Release|Any CPU
		{4776E6E3-1124-466D-8E27-52F65816EC17}.Ad-Hoc|ARM.ActiveCfg = Release|Any CPU
		{4776E6E3-1124-466D-8E27-52F65816EC17}.Ad-Hoc|ARM.Build.0 = Release|Any CPU
		{4776E6E3-1124-466D-8E27-52F65816EC17}.Ad-Hoc|ARM.Deploy.0 = Release|Any CPU
		{4776E6E3-1124-466D-8E27-52F65816EC17}.Ad-Hoc|iPhone.ActiveCfg = Release|Any CPU
		{4776E6E3-1124-466D-8E27-52F65816EC17}.Ad-Hoc|iPhone.Build.0 = Release|Any CPU
		{4776E6E3-1124-466D-8E27-52F65816EC17}.Ad-Hoc|iPhone.Deploy.0 = Release|Any CPU
		{4776E6E3-1124-466D-8E27-52F65816EC17}.Ad-Hoc|iPhoneSimulator.ActiveCfg = Release|Any CPU
		{4776E6E3-1124-466D-8E27-52F65816EC17}.Ad-Hoc|iPhoneSimulator.Build.0 = Release|Any CPU
		{4776E6E3-1124-466D-8E27-52F65816EC17}.Ad-Hoc|iPhoneSimulator.Deploy.0 = Release|Any CPU
		{4776E6E3-1124-466D-8E27-52F65816EC17}.Ad-Hoc|x64.ActiveCfg = Release|Any CPU
		{4776E6E3-1124-466D-8E27-52F65816EC17}.Ad-Hoc|x64.Build.0 = Release|Any CPU
		{4776E6E3-1124-466D-8E27-52F65816EC17}.Ad-Hoc|x64.Deploy.0 = Release|Any CPU
		{4776E6E3-1124-466D-8E27-52F65816EC17}.Ad-Hoc|x86.ActiveCfg = Release|Any CPU
		{4776E6E3-1124-466D-8E27-52F65816EC17}.Ad-Hoc|x86.Build.0 = Release|Any CPU
		{4776E6E3-1124-466D-8E27-52F65816EC17}.Ad-Hoc|x86.Deploy.0 = Release|Any CPU
		{4776E6E3-1124-466D-8E27-52F65816EC17}.AppStore|Any CPU.ActiveCfg = Release|Any CPU
		{4776E6E3-1124-466D-8E27-52F65816EC17}.AppStore|Any CPU.Build.0 = Release|Any CPU
		{4776E6E3-1124-466D-8E27-52F65816EC17}.AppStore|Any CPU.Deploy.0 = Release|Any CPU
		{4776E6E3-1124-466D-8E27-52F65816EC17}.AppStore|ARM.ActiveCfg = Release|Any CPU
		{4776E6E3-1124-466D-8E27-52F65816EC17}.AppStore|ARM.Build.0 = Release|Any CPU
		{4776E6E3-1124-466D-8E27-52F65816EC17}.AppStore|ARM.Deploy.0 = Release|Any CPU
		{4776E6E3-1124-466D-8E27-52F65816EC17}.AppStore|iPhone.ActiveCfg = Release|Any CPU
		{4776E6E3-1124-466D-8E27-52F65816EC17}.AppStore|iPhone.Build.0 = Release|Any CPU
		{4776E6E3-1124-466D-8E27-52F65816EC17}.AppStore|iPhone.Deploy.0 = Release|Any CPU
		{4776E6E3-1124-466D-8E27-52F65816EC17}.AppStore|iPhoneSimulator.ActiveCfg = Release|Any CPU
		{4776E6E3-1124-466D-8E27-52F65816EC17}.AppStore|iPhoneSimulator.Build.0 = Release|Any CPU
		{4776E6E3-1124-466D-8E27-52F65816EC17}.AppStore|iPhoneSimulator.Deploy.0 = Release|Any CPU
		{4776E6E3-1124-466D-8E27-52F65816EC17}.AppStore|x64.ActiveCfg = Release|Any CPU
		{4776E6E3-1124-466D-8E27-52F65816EC17}.AppStore|x64.Build.0 = Release|Any CPU
		{4776E6E3-1124-466D-8E27-52F65816EC17}.AppStore|x64.Deploy.0 = Release|Any CPU
		{4776E6E3-1124-466D-8E27-52F65816EC17}.AppStore|x86.ActiveCfg = Release|Any CPU
		{4776E6E3-1124-466D-8E27-52F65816EC17}.AppStore|x86.Build.0 = Release|Any CPU
		{4776E6E3-1124-466D-8E27-52F65816EC17}.AppStore|x86.Deploy.0 = Release|Any CPU
		{4776E6E3-1124-466D-8E27-52F65816EC17}.Debug|Any CPU.ActiveCfg = Debug|Any CPU
		{4776E6E3-1124-466D-8E27-52F65816EC17}.Debug|Any CPU.Build.0 = Debug|Any CPU
		{4776E6E3-1124-466D-8E27-52F65816EC17}.Debug|Any CPU.Deploy.0 = Debug|Any CPU
		{4776E6E3-1124-466D-8E27-52F65816EC17}.Debug|ARM.ActiveCfg = Debug|Any CPU
		{4776E6E3-1124-466D-8E27-52F65816EC17}.Debug|ARM.Build.0 = Debug|Any CPU
		{4776E6E3-1124-466D-8E27-52F65816EC17}.Debug|ARM.Deploy.0 = Debug|Any CPU
		{4776E6E3-1124-466D-8E27-52F65816EC17}.Debug|iPhone.ActiveCfg = Debug|Any CPU
		{4776E6E3-1124-466D-8E27-52F65816EC17}.Debug|iPhone.Build.0 = Debug|Any CPU
		{4776E6E3-1124-466D-8E27-52F65816EC17}.Debug|iPhone.Deploy.0 = Debug|Any CPU
		{4776E6E3-1124-466D-8E27-52F65816EC17}.Debug|iPhoneSimulator.ActiveCfg = Debug|Any CPU
		{4776E6E3-1124-466D-8E27-52F65816EC17}.Debug|iPhoneSimulator.Build.0 = Debug|Any CPU
		{4776E6E3-1124-466D-8E27-52F65816EC17}.Debug|iPhoneSimulator.Deploy.0 = Debug|Any CPU
		{4776E6E3-1124-466D-8E27-52F65816EC17}.Debug|x64.ActiveCfg = Debug|Any CPU
		{4776E6E3-1124-466D-8E27-52F65816EC17}.Debug|x64.Build.0 = Debug|Any CPU
		{4776E6E3-1124-466D-8E27-52F65816EC17}.Debug|x64.Deploy.0 = Debug|Any CPU
		{4776E6E3-1124-466D-8E27-52F65816EC17}.Debug|x86.ActiveCfg = Debug|Any CPU
		{4776E6E3-1124-466D-8E27-52F65816EC17}.Debug|x86.Build.0 = Debug|Any CPU
		{4776E6E3-1124-466D-8E27-52F65816EC17}.Debug|x86.Deploy.0 = Debug|Any CPU
		{4776E6E3-1124-466D-8E27-52F65816EC17}.Release|Any CPU.ActiveCfg = Release|Any CPU
		{4776E6E3-1124-466D-8E27-52F65816EC17}.Release|Any CPU.Build.0 = Release|Any CPU
		{4776E6E3-1124-466D-8E27-52F65816EC17}.Release|Any CPU.Deploy.0 = Release|Any CPU
		{4776E6E3-1124-466D-8E27-52F65816EC17}.Release|ARM.ActiveCfg = Release|Any CPU
		{4776E6E3-1124-466D-8E27-52F65816EC17}.Release|ARM.Build.0 = Release|Any CPU
		{4776E6E3-1124-466D-8E27-52F65816EC17}.Release|ARM.Deploy.0 = Release|Any CPU
		{4776E6E3-1124-466D-8E27-52F65816EC17}.Release|iPhone.ActiveCfg = Release|Any CPU
		{4776E6E3-1124-466D-8E27-52F65816EC17}.Release|iPhone.Build.0 = Release|Any CPU
		{4776E6E3-1124-466D-8E27-52F65816EC17}.Release|iPhone.Deploy.0 = Release|Any CPU
		{4776E6E3-1124-466D-8E27-52F65816EC17}.Release|iPhoneSimulator.ActiveCfg = Release|Any CPU
		{4776E6E3-1124-466D-8E27-52F65816EC17}.Release|iPhoneSimulator.Build.0 = Release|Any CPU
		{4776E6E3-1124-466D-8E27-52F65816EC17}.Release|iPhoneSimulator.Deploy.0 = Release|Any CPU
		{4776E6E3-1124-466D-8E27-52F65816EC17}.Release|x64.ActiveCfg = Release|Any CPU
		{4776E6E3-1124-466D-8E27-52F65816EC17}.Release|x64.Build.0 = Release|Any CPU
		{4776E6E3-1124-466D-8E27-52F65816EC17}.Release|x64.Deploy.0 = Release|Any CPU
		{4776E6E3-1124-466D-8E27-52F65816EC17}.Release|x86.ActiveCfg = Release|Any CPU
		{4776E6E3-1124-466D-8E27-52F65816EC17}.Release|x86.Build.0 = Release|Any CPU
		{4776E6E3-1124-466D-8E27-52F65816EC17}.Release|x86.Deploy.0 = Release|Any CPU
		{1E790B10-D053-43EE-8B04-D4F68AACD04C}.Ad-Hoc|Any CPU.ActiveCfg = Ad-Hoc|iPhone
		{1E790B10-D053-43EE-8B04-D4F68AACD04C}.Ad-Hoc|ARM.ActiveCfg = Ad-Hoc|iPhone
		{1E790B10-D053-43EE-8B04-D4F68AACD04C}.Ad-Hoc|iPhone.ActiveCfg = Ad-Hoc|iPhone
		{1E790B10-D053-43EE-8B04-D4F68AACD04C}.Ad-Hoc|iPhone.Build.0 = Ad-Hoc|iPhone
		{1E790B10-D053-43EE-8B04-D4F68AACD04C}.Ad-Hoc|iPhoneSimulator.ActiveCfg = Ad-Hoc|iPhoneSimulator
		{1E790B10-D053-43EE-8B04-D4F68AACD04C}.Ad-Hoc|iPhoneSimulator.Build.0 = Ad-Hoc|iPhoneSimulator
		{1E790B10-D053-43EE-8B04-D4F68AACD04C}.Ad-Hoc|x64.ActiveCfg = Ad-Hoc|iPhone
		{1E790B10-D053-43EE-8B04-D4F68AACD04C}.Ad-Hoc|x86.ActiveCfg = Ad-Hoc|iPhone
		{1E790B10-D053-43EE-8B04-D4F68AACD04C}.AppStore|Any CPU.ActiveCfg = AppStore|iPhone
		{1E790B10-D053-43EE-8B04-D4F68AACD04C}.AppStore|ARM.ActiveCfg = AppStore|iPhone
		{1E790B10-D053-43EE-8B04-D4F68AACD04C}.AppStore|iPhone.ActiveCfg = AppStore|iPhone
		{1E790B10-D053-43EE-8B04-D4F68AACD04C}.AppStore|iPhone.Build.0 = AppStore|iPhone
		{1E790B10-D053-43EE-8B04-D4F68AACD04C}.AppStore|iPhoneSimulator.ActiveCfg = AppStore|iPhoneSimulator
		{1E790B10-D053-43EE-8B04-D4F68AACD04C}.AppStore|iPhoneSimulator.Build.0 = AppStore|iPhoneSimulator
		{1E790B10-D053-43EE-8B04-D4F68AACD04C}.AppStore|x64.ActiveCfg = AppStore|iPhone
		{1E790B10-D053-43EE-8B04-D4F68AACD04C}.AppStore|x86.ActiveCfg = AppStore|iPhone
		{1E790B10-D053-43EE-8B04-D4F68AACD04C}.Debug|Any CPU.ActiveCfg = Debug|iPhone
		{1E790B10-D053-43EE-8B04-D4F68AACD04C}.Debug|ARM.ActiveCfg = Debug|iPhone
		{1E790B10-D053-43EE-8B04-D4F68AACD04C}.Debug|iPhone.ActiveCfg = Debug|iPhone
		{1E790B10-D053-43EE-8B04-D4F68AACD04C}.Debug|iPhone.Build.0 = Debug|iPhone
		{1E790B10-D053-43EE-8B04-D4F68AACD04C}.Debug|iPhoneSimulator.ActiveCfg = Debug|iPhoneSimulator
		{1E790B10-D053-43EE-8B04-D4F68AACD04C}.Debug|iPhoneSimulator.Build.0 = Debug|iPhoneSimulator
		{1E790B10-D053-43EE-8B04-D4F68AACD04C}.Debug|x64.ActiveCfg = Debug|iPhone
		{1E790B10-D053-43EE-8B04-D4F68AACD04C}.Debug|x86.ActiveCfg = Debug|iPhone
		{1E790B10-D053-43EE-8B04-D4F68AACD04C}.Release|Any CPU.ActiveCfg = Release|iPhone
		{1E790B10-D053-43EE-8B04-D4F68AACD04C}.Release|ARM.ActiveCfg = Release|iPhone
		{1E790B10-D053-43EE-8B04-D4F68AACD04C}.Release|iPhone.ActiveCfg = Release|iPhone
		{1E790B10-D053-43EE-8B04-D4F68AACD04C}.Release|iPhone.Build.0 = Release|iPhone
		{1E790B10-D053-43EE-8B04-D4F68AACD04C}.Release|iPhoneSimulator.ActiveCfg = Release|iPhoneSimulator
		{1E790B10-D053-43EE-8B04-D4F68AACD04C}.Release|iPhoneSimulator.Build.0 = Release|iPhoneSimulator
		{1E790B10-D053-43EE-8B04-D4F68AACD04C}.Release|x64.ActiveCfg = Release|iPhone
		{1E790B10-D053-43EE-8B04-D4F68AACD04C}.Release|x86.ActiveCfg = Release|iPhone
		{34B428F4-D211-4FE0-801A-9AD407F90416}.Ad-Hoc|Any CPU.ActiveCfg = Release|x86
		{34B428F4-D211-4FE0-801A-9AD407F90416}.Ad-Hoc|Any CPU.Build.0 = Release|x86
		{34B428F4-D211-4FE0-801A-9AD407F90416}.Ad-Hoc|Any CPU.Deploy.0 = Release|x86
		{34B428F4-D211-4FE0-801A-9AD407F90416}.Ad-Hoc|ARM.ActiveCfg = Release|ARM
		{34B428F4-D211-4FE0-801A-9AD407F90416}.Ad-Hoc|ARM.Build.0 = Release|ARM
		{34B428F4-D211-4FE0-801A-9AD407F90416}.Ad-Hoc|ARM.Deploy.0 = Release|ARM
		{34B428F4-D211-4FE0-801A-9AD407F90416}.Ad-Hoc|iPhone.ActiveCfg = Release|x86
		{34B428F4-D211-4FE0-801A-9AD407F90416}.Ad-Hoc|iPhone.Build.0 = Release|x86
		{34B428F4-D211-4FE0-801A-9AD407F90416}.Ad-Hoc|iPhone.Deploy.0 = Release|x86
		{34B428F4-D211-4FE0-801A-9AD407F90416}.Ad-Hoc|iPhoneSimulator.ActiveCfg = Release|x86
		{34B428F4-D211-4FE0-801A-9AD407F90416}.Ad-Hoc|iPhoneSimulator.Build.0 = Release|x86
		{34B428F4-D211-4FE0-801A-9AD407F90416}.Ad-Hoc|iPhoneSimulator.Deploy.0 = Release|x86
		{34B428F4-D211-4FE0-801A-9AD407F90416}.Ad-Hoc|x64.ActiveCfg = Release|x64
		{34B428F4-D211-4FE0-801A-9AD407F90416}.Ad-Hoc|x64.Build.0 = Release|x64
		{34B428F4-D211-4FE0-801A-9AD407F90416}.Ad-Hoc|x64.Deploy.0 = Release|x64
		{34B428F4-D211-4FE0-801A-9AD407F90416}.Ad-Hoc|x86.ActiveCfg = Release|x86
		{34B428F4-D211-4FE0-801A-9AD407F90416}.Ad-Hoc|x86.Build.0 = Release|x86
		{34B428F4-D211-4FE0-801A-9AD407F90416}.Ad-Hoc|x86.Deploy.0 = Release|x86
		{34B428F4-D211-4FE0-801A-9AD407F90416}.AppStore|Any CPU.ActiveCfg = Release|x86
		{34B428F4-D211-4FE0-801A-9AD407F90416}.AppStore|Any CPU.Build.0 = Release|x86
		{34B428F4-D211-4FE0-801A-9AD407F90416}.AppStore|Any CPU.Deploy.0 = Release|x86
		{34B428F4-D211-4FE0-801A-9AD407F90416}.AppStore|ARM.ActiveCfg = Release|ARM
		{34B428F4-D211-4FE0-801A-9AD407F90416}.AppStore|ARM.Build.0 = Release|ARM
		{34B428F4-D211-4FE0-801A-9AD407F90416}.AppStore|ARM.Deploy.0 = Release|ARM
		{34B428F4-D211-4FE0-801A-9AD407F90416}.AppStore|iPhone.ActiveCfg = Release|x86
		{34B428F4-D211-4FE0-801A-9AD407F90416}.AppStore|iPhone.Build.0 = Release|x86
		{34B428F4-D211-4FE0-801A-9AD407F90416}.AppStore|iPhone.Deploy.0 = Release|x86
		{34B428F4-D211-4FE0-801A-9AD407F90416}.AppStore|iPhoneSimulator.ActiveCfg = Release|x86
		{34B428F4-D211-4FE0-801A-9AD407F90416}.AppStore|iPhoneSimulator.Build.0 = Release|x86
		{34B428F4-D211-4FE0-801A-9AD407F90416}.AppStore|iPhoneSimulator.Deploy.0 = Release|x86
		{34B428F4-D211-4FE0-801A-9AD407F90416}.AppStore|x64.ActiveCfg = Release|x64
		{34B428F4-D211-4FE0-801A-9AD407F90416}.AppStore|x64.Build.0 = Release|x64
		{34B428F4-D211-4FE0-801A-9AD407F90416}.AppStore|x64.Deploy.0 = Release|x64
		{34B428F4-D211-4FE0-801A-9AD407F90416}.AppStore|x86.ActiveCfg = Release|x86
		{34B428F4-D211-4FE0-801A-9AD407F90416}.AppStore|x86.Build.0 = Release|x86
		{34B428F4-D211-4FE0-801A-9AD407F90416}.AppStore|x86.Deploy.0 = Release|x86
		{34B428F4-D211-4FE0-801A-9AD407F90416}.Debug|Any CPU.ActiveCfg = Debug|x86
		{34B428F4-D211-4FE0-801A-9AD407F90416}.Debug|ARM.ActiveCfg = Debug|ARM
		{34B428F4-D211-4FE0-801A-9AD407F90416}.Debug|ARM.Build.0 = Debug|ARM
		{34B428F4-D211-4FE0-801A-9AD407F90416}.Debug|ARM.Deploy.0 = Debug|ARM
		{34B428F4-D211-4FE0-801A-9AD407F90416}.Debug|iPhone.ActiveCfg = Debug|x86
		{34B428F4-D211-4FE0-801A-9AD407F90416}.Debug|iPhoneSimulator.ActiveCfg = Debug|x86
		{34B428F4-D211-4FE0-801A-9AD407F90416}.Debug|x64.ActiveCfg = Debug|x64
		{34B428F4-D211-4FE0-801A-9AD407F90416}.Debug|x64.Build.0 = Debug|x64
		{34B428F4-D211-4FE0-801A-9AD407F90416}.Debug|x64.Deploy.0 = Debug|x64
		{34B428F4-D211-4FE0-801A-9AD407F90416}.Debug|x86.ActiveCfg = Debug|x86
		{34B428F4-D211-4FE0-801A-9AD407F90416}.Debug|x86.Build.0 = Debug|x86
		{34B428F4-D211-4FE0-801A-9AD407F90416}.Debug|x86.Deploy.0 = Debug|x86
		{34B428F4-D211-4FE0-801A-9AD407F90416}.Release|Any CPU.ActiveCfg = Release|x86
		{34B428F4-D211-4FE0-801A-9AD407F90416}.Release|ARM.ActiveCfg = Release|ARM
		{34B428F4-D211-4FE0-801A-9AD407F90416}.Release|ARM.Build.0 = Release|ARM
		{34B428F4-D211-4FE0-801A-9AD407F90416}.Release|ARM.Deploy.0 = Release|ARM
		{34B428F4-D211-4FE0-801A-9AD407F90416}.Release|iPhone.ActiveCfg = Release|x86
		{34B428F4-D211-4FE0-801A-9AD407F90416}.Release|iPhoneSimulator.ActiveCfg = Release|x86
		{34B428F4-D211-4FE0-801A-9AD407F90416}.Release|x64.ActiveCfg = Release|x64
		{34B428F4-D211-4FE0-801A-9AD407F90416}.Release|x64.Build.0 = Release|x64
		{34B428F4-D211-4FE0-801A-9AD407F90416}.Release|x64.Deploy.0 = Release|x64
		{34B428F4-D211-4FE0-801A-9AD407F90416}.Release|x86.ActiveCfg = Release|x86
		{34B428F4-D211-4FE0-801A-9AD407F90416}.Release|x86.Build.0 = Release|x86
		{34B428F4-D211-4FE0-801A-9AD407F90416}.Release|x86.Deploy.0 = Release|x86
		{A8D46E69-A7B9-43E3-A1A1-09B2AED07522}.Ad-Hoc|Any CPU.ActiveCfg = Debug|Any CPU
		{A8D46E69-A7B9-43E3-A1A1-09B2AED07522}.Ad-Hoc|Any CPU.Build.0 = Debug|Any CPU
		{A8D46E69-A7B9-43E3-A1A1-09B2AED07522}.Ad-Hoc|ARM.ActiveCfg = Debug|Any CPU
		{A8D46E69-A7B9-43E3-A1A1-09B2AED07522}.Ad-Hoc|ARM.Build.0 = Debug|Any CPU
		{A8D46E69-A7B9-43E3-A1A1-09B2AED07522}.Ad-Hoc|iPhone.ActiveCfg = Debug|Any CPU
		{A8D46E69-A7B9-43E3-A1A1-09B2AED07522}.Ad-Hoc|iPhone.Build.0 = Debug|Any CPU
		{A8D46E69-A7B9-43E3-A1A1-09B2AED07522}.Ad-Hoc|iPhoneSimulator.ActiveCfg = Debug|Any CPU
		{A8D46E69-A7B9-43E3-A1A1-09B2AED07522}.Ad-Hoc|iPhoneSimulator.Build.0 = Debug|Any CPU
		{A8D46E69-A7B9-43E3-A1A1-09B2AED07522}.Ad-Hoc|x64.ActiveCfg = Debug|Any CPU
		{A8D46E69-A7B9-43E3-A1A1-09B2AED07522}.Ad-Hoc|x64.Build.0 = Debug|Any CPU
		{A8D46E69-A7B9-43E3-A1A1-09B2AED07522}.Ad-Hoc|x86.ActiveCfg = Debug|Any CPU
		{A8D46E69-A7B9-43E3-A1A1-09B2AED07522}.Ad-Hoc|x86.Build.0 = Debug|Any CPU
		{A8D46E69-A7B9-43E3-A1A1-09B2AED07522}.AppStore|Any CPU.ActiveCfg = Debug|Any CPU
		{A8D46E69-A7B9-43E3-A1A1-09B2AED07522}.AppStore|Any CPU.Build.0 = Debug|Any CPU
		{A8D46E69-A7B9-43E3-A1A1-09B2AED07522}.AppStore|ARM.ActiveCfg = Debug|Any CPU
		{A8D46E69-A7B9-43E3-A1A1-09B2AED07522}.AppStore|ARM.Build.0 = Debug|Any CPU
		{A8D46E69-A7B9-43E3-A1A1-09B2AED07522}.AppStore|iPhone.ActiveCfg = Debug|Any CPU
		{A8D46E69-A7B9-43E3-A1A1-09B2AED07522}.AppStore|iPhone.Build.0 = Debug|Any CPU
		{A8D46E69-A7B9-43E3-A1A1-09B2AED07522}.AppStore|iPhoneSimulator.ActiveCfg = Debug|Any CPU
		{A8D46E69-A7B9-43E3-A1A1-09B2AED07522}.AppStore|iPhoneSimulator.Build.0 = Debug|Any CPU
		{A8D46E69-A7B9-43E3-A1A1-09B2AED07522}.AppStore|x64.ActiveCfg = Debug|Any CPU
		{A8D46E69-A7B9-43E3-A1A1-09B2AED07522}.AppStore|x64.Build.0 = Debug|Any CPU
		{A8D46E69-A7B9-43E3-A1A1-09B2AED07522}.AppStore|x86.ActiveCfg = Debug|Any CPU
		{A8D46E69-A7B9-43E3-A1A1-09B2AED07522}.AppStore|x86.Build.0 = Debug|Any CPU
		{A8D46E69-A7B9-43E3-A1A1-09B2AED07522}.Debug|Any CPU.ActiveCfg = Debug|Any CPU
		{A8D46E69-A7B9-43E3-A1A1-09B2AED07522}.Debug|Any CPU.Build.0 = Debug|Any CPU
		{A8D46E69-A7B9-43E3-A1A1-09B2AED07522}.Debug|ARM.ActiveCfg = Debug|Any CPU
		{A8D46E69-A7B9-43E3-A1A1-09B2AED07522}.Debug|ARM.Build.0 = Debug|Any CPU
		{A8D46E69-A7B9-43E3-A1A1-09B2AED07522}.Debug|iPhone.ActiveCfg = Debug|Any CPU
		{A8D46E69-A7B9-43E3-A1A1-09B2AED07522}.Debug|iPhone.Build.0 = Debug|Any CPU
		{A8D46E69-A7B9-43E3-A1A1-09B2AED07522}.Debug|iPhoneSimulator.ActiveCfg = Debug|Any CPU
		{A8D46E69-A7B9-43E3-A1A1-09B2AED07522}.Debug|iPhoneSimulator.Build.0 = Debug|Any CPU
		{A8D46E69-A7B9-43E3-A1A1-09B2AED07522}.Debug|x64.ActiveCfg = Debug|Any CPU
		{A8D46E69-A7B9-43E3-A1A1-09B2AED07522}.Debug|x64.Build.0 = Debug|Any CPU
		{A8D46E69-A7B9-43E3-A1A1-09B2AED07522}.Debug|x86.ActiveCfg = Debug|Any CPU
		{A8D46E69-A7B9-43E3-A1A1-09B2AED07522}.Debug|x86.Build.0 = Debug|Any CPU
		{A8D46E69-A7B9-43E3-A1A1-09B2AED07522}.Release|Any CPU.ActiveCfg = Release|Any CPU
		{A8D46E69-A7B9-43E3-A1A1-09B2AED07522}.Release|Any CPU.Build.0 = Release|Any CPU
		{A8D46E69-A7B9-43E3-A1A1-09B2AED07522}.Release|ARM.ActiveCfg = Release|Any CPU
		{A8D46E69-A7B9-43E3-A1A1-09B2AED07522}.Release|ARM.Build.0 = Release|Any CPU
		{A8D46E69-A7B9-43E3-A1A1-09B2AED07522}.Release|iPhone.ActiveCfg = Release|Any CPU
		{A8D46E69-A7B9-43E3-A1A1-09B2AED07522}.Release|iPhone.Build.0 = Release|Any CPU
		{A8D46E69-A7B9-43E3-A1A1-09B2AED07522}.Release|iPhoneSimulator.ActiveCfg = Release|Any CPU
		{A8D46E69-A7B9-43E3-A1A1-09B2AED07522}.Release|iPhoneSimulator.Build.0 = Release|Any CPU
		{A8D46E69-A7B9-43E3-A1A1-09B2AED07522}.Release|x64.ActiveCfg = Release|Any CPU
		{A8D46E69-A7B9-43E3-A1A1-09B2AED07522}.Release|x64.Build.0 = Release|Any CPU
		{A8D46E69-A7B9-43E3-A1A1-09B2AED07522}.Release|x86.ActiveCfg = Release|Any CPU
		{A8D46E69-A7B9-43E3-A1A1-09B2AED07522}.Release|x86.Build.0 = Release|Any CPU
		{9AFC6F1E-163D-4BC3-A16C-8907FD2B2C09}.Ad-Hoc|Any CPU.ActiveCfg = Debug|Any CPU
		{9AFC6F1E-163D-4BC3-A16C-8907FD2B2C09}.Ad-Hoc|Any CPU.Build.0 = Debug|Any CPU
		{9AFC6F1E-163D-4BC3-A16C-8907FD2B2C09}.Ad-Hoc|ARM.ActiveCfg = Debug|Any CPU
		{9AFC6F1E-163D-4BC3-A16C-8907FD2B2C09}.Ad-Hoc|ARM.Build.0 = Debug|Any CPU
		{9AFC6F1E-163D-4BC3-A16C-8907FD2B2C09}.Ad-Hoc|iPhone.ActiveCfg = Debug|Any CPU
		{9AFC6F1E-163D-4BC3-A16C-8907FD2B2C09}.Ad-Hoc|iPhone.Build.0 = Debug|Any CPU
		{9AFC6F1E-163D-4BC3-A16C-8907FD2B2C09}.Ad-Hoc|iPhoneSimulator.ActiveCfg = Debug|Any CPU
		{9AFC6F1E-163D-4BC3-A16C-8907FD2B2C09}.Ad-Hoc|iPhoneSimulator.Build.0 = Debug|Any CPU
		{9AFC6F1E-163D-4BC3-A16C-8907FD2B2C09}.Ad-Hoc|x64.ActiveCfg = Debug|Any CPU
		{9AFC6F1E-163D-4BC3-A16C-8907FD2B2C09}.Ad-Hoc|x64.Build.0 = Debug|Any CPU
		{9AFC6F1E-163D-4BC3-A16C-8907FD2B2C09}.Ad-Hoc|x86.ActiveCfg = Debug|Any CPU
		{9AFC6F1E-163D-4BC3-A16C-8907FD2B2C09}.Ad-Hoc|x86.Build.0 = Debug|Any CPU
		{9AFC6F1E-163D-4BC3-A16C-8907FD2B2C09}.AppStore|Any CPU.ActiveCfg = Debug|Any CPU
		{9AFC6F1E-163D-4BC3-A16C-8907FD2B2C09}.AppStore|Any CPU.Build.0 = Debug|Any CPU
		{9AFC6F1E-163D-4BC3-A16C-8907FD2B2C09}.AppStore|ARM.ActiveCfg = Debug|Any CPU
		{9AFC6F1E-163D-4BC3-A16C-8907FD2B2C09}.AppStore|ARM.Build.0 = Debug|Any CPU
		{9AFC6F1E-163D-4BC3-A16C-8907FD2B2C09}.AppStore|iPhone.ActiveCfg = Debug|Any CPU
		{9AFC6F1E-163D-4BC3-A16C-8907FD2B2C09}.AppStore|iPhone.Build.0 = Debug|Any CPU
		{9AFC6F1E-163D-4BC3-A16C-8907FD2B2C09}.AppStore|iPhoneSimulator.ActiveCfg = Debug|Any CPU
		{9AFC6F1E-163D-4BC3-A16C-8907FD2B2C09}.AppStore|iPhoneSimulator.Build.0 = Debug|Any CPU
		{9AFC6F1E-163D-4BC3-A16C-8907FD2B2C09}.AppStore|x64.ActiveCfg = Debug|Any CPU
		{9AFC6F1E-163D-4BC3-A16C-8907FD2B2C09}.AppStore|x64.Build.0 = Debug|Any CPU
		{9AFC6F1E-163D-4BC3-A16C-8907FD2B2C09}.AppStore|x86.ActiveCfg = Debug|Any CPU
		{9AFC6F1E-163D-4BC3-A16C-8907FD2B2C09}.AppStore|x86.Build.0 = Debug|Any CPU
		{9AFC6F1E-163D-4BC3-A16C-8907FD2B2C09}.Debug|Any CPU.ActiveCfg = Debug|Any CPU
		{9AFC6F1E-163D-4BC3-A16C-8907FD2B2C09}.Debug|Any CPU.Build.0 = Debug|Any CPU
		{9AFC6F1E-163D-4BC3-A16C-8907FD2B2C09}.Debug|ARM.ActiveCfg = Debug|Any CPU
		{9AFC6F1E-163D-4BC3-A16C-8907FD2B2C09}.Debug|ARM.Build.0 = Debug|Any CPU
		{9AFC6F1E-163D-4BC3-A16C-8907FD2B2C09}.Debug|iPhone.ActiveCfg = Debug|Any CPU
		{9AFC6F1E-163D-4BC3-A16C-8907FD2B2C09}.Debug|iPhone.Build.0 = Debug|Any CPU
		{9AFC6F1E-163D-4BC3-A16C-8907FD2B2C09}.Debug|iPhoneSimulator.ActiveCfg = Debug|Any CPU
		{9AFC6F1E-163D-4BC3-A16C-8907FD2B2C09}.Debug|iPhoneSimulator.Build.0 = Debug|Any CPU
		{9AFC6F1E-163D-4BC3-A16C-8907FD2B2C09}.Debug|x64.ActiveCfg = Debug|Any CPU
		{9AFC6F1E-163D-4BC3-A16C-8907FD2B2C09}.Debug|x64.Build.0 = Debug|Any CPU
		{9AFC6F1E-163D-4BC3-A16C-8907FD2B2C09}.Debug|x86.ActiveCfg = Debug|Any CPU
		{9AFC6F1E-163D-4BC3-A16C-8907FD2B2C09}.Debug|x86.Build.0 = Debug|Any CPU
		{9AFC6F1E-163D-4BC3-A16C-8907FD2B2C09}.Release|Any CPU.ActiveCfg = Release|Any CPU
		{9AFC6F1E-163D-4BC3-A16C-8907FD2B2C09}.Release|Any CPU.Build.0 = Release|Any CPU
		{9AFC6F1E-163D-4BC3-A16C-8907FD2B2C09}.Release|ARM.ActiveCfg = Release|Any CPU
		{9AFC6F1E-163D-4BC3-A16C-8907FD2B2C09}.Release|ARM.Build.0 = Release|Any CPU
		{9AFC6F1E-163D-4BC3-A16C-8907FD2B2C09}.Release|iPhone.ActiveCfg = Release|Any CPU
		{9AFC6F1E-163D-4BC3-A16C-8907FD2B2C09}.Release|iPhone.Build.0 = Release|Any CPU
		{9AFC6F1E-163D-4BC3-A16C-8907FD2B2C09}.Release|iPhoneSimulator.ActiveCfg = Release|Any CPU
		{9AFC6F1E-163D-4BC3-A16C-8907FD2B2C09}.Release|iPhoneSimulator.Build.0 = Release|Any CPU
		{9AFC6F1E-163D-4BC3-A16C-8907FD2B2C09}.Release|x64.ActiveCfg = Release|Any CPU
		{9AFC6F1E-163D-4BC3-A16C-8907FD2B2C09}.Release|x64.Build.0 = Release|Any CPU
		{9AFC6F1E-163D-4BC3-A16C-8907FD2B2C09}.Release|x86.ActiveCfg = Release|Any CPU
		{9AFC6F1E-163D-4BC3-A16C-8907FD2B2C09}.Release|x86.Build.0 = Release|Any CPU
	EndGlobalSection
	GlobalSection(SolutionProperties) = preSolution
		HideSolutionNode = FALSE
	EndGlobalSection
	GlobalSection(ExtensibilityGlobals) = postSolution
		SolutionGuid = {5D23AD25-9A4D-4DD6-B1C1-5DC3195DD784}
	EndGlobalSection
EndGlobal
