
Microsoft Visual Studio Solution File, Format Version 12.00
# Visual Studio Version 16
VisualStudioVersion = 16.0.29102.190
MinimumVisualStudioVersion = 10.0.40219.1
Project("{FAE04EC0-301F-11D3-BF4B-00C04F79EFBC}") = "MtSparked.Platforms.Android", "MtSparked\Platforms\MtSparked.Platforms.Android\MtSparked.Platforms.Android.csproj", "{4776E6E3-1124-466D-8E27-52F65816EC17}"
EndProject
Project("{FAE04EC0-301F-11D3-BF4B-00C04F79EFBC}") = "MtSparked.Platforms.iOS", "MtSparked\Platforms\MtSparked.Platforms.iOS\MtSparked.Platforms.iOS.csproj", "{1E790B10-D053-43EE-8B04-D4F68AACD04C}"
EndProject
Project("{FAE04EC0-301F-11D3-BF4B-00C04F79EFBC}") = "MtSparked.Platforms.UWP", "MtSparked\Platforms\MtSparked.Platforms.UWP\MtSparked.Platforms.UWP.csproj", "{34B428F4-D211-4FE0-801A-9AD407F90416}"
EndProject
Project("{9A19103F-16F7-4668-BE54-9A1E7A4F7556}") = "MtSparked.UI", "MtSparked\MtSparked.UI\MtSparked.UI.csproj", "{A8D46E69-A7B9-43E3-A1A1-09B2AED07522}"
EndProject
Project("{9A19103F-16F7-4668-BE54-9A1E7A4F7556}") = "MtSparked.UpdateDatabase", "MtSparked\MtSparked.UpdateDatabase\MtSparked.UpdateDatabase.csproj", "{9AFC6F1E-163D-4BC3-A16C-8907FD2B2C09}"
EndProject
Project("{9A19103F-16F7-4668-BE54-9A1E7A4F7556}") = "MtSparked.Core", "MtSparked\MtSparked.Core\MtSparked.Core.csproj", "{FFFD302D-29E6-4613-A549-C881ACB49B98}"
EndProject
Project("{9A19103F-16F7-4668-BE54-9A1E7A4F7556}") = "MtSparked.Interop", "MtSparked\MtSparked.Interop\MtSparked.Interop.csproj", "{D507266F-35CF-4A19-A01E-C9A590B25879}"
EndProject
Project("{2150E333-8FDC-42A3-9474-1A3956D46DE8}") = "Platforms", "Platforms", "{E6356629-7814-44E5-81B5-3ACD26D2F9E5}"
EndProject
Project("{9A19103F-16F7-4668-BE54-9A1E7A4F7556}") = "MtSparked.Platforms.Wasm", "MtSparked\Platforms\MtSparked.Platforms.Wasm\MtSparked.Platforms.Wasm.csproj", "{B462A0E3-450E-4EC7-B44D-BAF2E682F308}"
EndProject
Project("{2150E333-8FDC-42A3-9474-1A3956D46DE8}") = "Solution Items", "Solution Items", "{E58BE1E2-D798-4311-9B7B-32E774C51597}"
	ProjectSection(SolutionItems) = preProject
		.editorconfig = .editorconfig
	EndProjectSection
EndProject
Project("{FAE04EC0-301F-11D3-BF4B-00C04F79EFBC}") = "MtSparked.Platforms.AspNetCore", "MtSparked\Platforms\MtSparked.Platforms.AspNetCore\MtSparked.Platforms.AspNetCore.csproj", "{F3E9EA97-35AD-41C5-9C10-34C001BEA432}"
EndProject
Global
	GlobalSection(SolutionConfigurationPlatforms) = preSolution
		Ad-Hoc|Any CPU = Ad-Hoc|Any CPU
		Ad-Hoc|ARM = Ad-Hoc|ARM
		Ad-Hoc|iPhone = Ad-Hoc|iPhone
		Ad-Hoc|iPhoneSimulator = Ad-Hoc|iPhoneSimulator
		Ad-Hoc|x64 = Ad-Hoc|x64
		Ad-Hoc|x86 = Ad-Hoc|x86
		AppStore|Any CPU = AppStore|Any CPU
		AppStore|ARM = AppStore|ARM
		AppStore|iPhone = AppStore|iPhone
		AppStore|iPhoneSimulator = AppStore|iPhoneSimulator
		AppStore|x64 = AppStore|x64
		AppStore|x86 = AppStore|x86
		Database Debug|Any CPU = Database Debug|Any CPU
		Database Debug|ARM = Database Debug|ARM
		Database Debug|iPhone = Database Debug|iPhone
		Database Debug|iPhoneSimulator = Database Debug|iPhoneSimulator
		Database Debug|x64 = Database Debug|x64
		Database Debug|x86 = Database Debug|x86
		Database Release|Any CPU = Database Release|Any CPU
		Database Release|ARM = Database Release|ARM
		Database Release|iPhone = Database Release|iPhone
		Database Release|iPhoneSimulator = Database Release|iPhoneSimulator
		Database Release|x64 = Database Release|x64
		Database Release|x86 = Database Release|x86
		Debug|Any CPU = Debug|Any CPU
		Debug|ARM = Debug|ARM
		Debug|iPhone = Debug|iPhone
		Debug|iPhoneSimulator = Debug|iPhoneSimulator
		Debug|x64 = Debug|x64
		Debug|x86 = Debug|x86
		Release|Any CPU = Release|Any CPU
		Release|ARM = Release|ARM
		Release|iPhone = Release|iPhone
		Release|iPhoneSimulator = Release|iPhoneSimulator
		Release|x64 = Release|x64
		Release|x86 = Release|x86
	EndGlobalSection
	GlobalSection(ProjectConfigurationPlatforms) = postSolution
		{4776E6E3-1124-466D-8E27-52F65816EC17}.Ad-Hoc|Any CPU.ActiveCfg = Release|Any CPU
		{4776E6E3-1124-466D-8E27-52F65816EC17}.Ad-Hoc|Any CPU.Build.0 = Release|Any CPU
		{4776E6E3-1124-466D-8E27-52F65816EC17}.Ad-Hoc|Any CPU.Deploy.0 = Release|Any CPU
		{4776E6E3-1124-466D-8E27-52F65816EC17}.Ad-Hoc|ARM.ActiveCfg = Release|Any CPU
		{4776E6E3-1124-466D-8E27-52F65816EC17}.Ad-Hoc|ARM.Build.0 = Release|Any CPU
		{4776E6E3-1124-466D-8E27-52F65816EC17}.Ad-Hoc|ARM.Deploy.0 = Release|Any CPU
		{4776E6E3-1124-466D-8E27-52F65816EC17}.Ad-Hoc|iPhone.ActiveCfg = Release|Any CPU
		{4776E6E3-1124-466D-8E27-52F65816EC17}.Ad-Hoc|iPhone.Build.0 = Release|Any CPU
		{4776E6E3-1124-466D-8E27-52F65816EC17}.Ad-Hoc|iPhone.Deploy.0 = Release|Any CPU
		{4776E6E3-1124-466D-8E27-52F65816EC17}.Ad-Hoc|iPhoneSimulator.ActiveCfg = Release|Any CPU
		{4776E6E3-1124-466D-8E27-52F65816EC17}.Ad-Hoc|iPhoneSimulator.Build.0 = Release|Any CPU
		{4776E6E3-1124-466D-8E27-52F65816EC17}.Ad-Hoc|iPhoneSimulator.Deploy.0 = Release|Any CPU
		{4776E6E3-1124-466D-8E27-52F65816EC17}.Ad-Hoc|x64.ActiveCfg = Release|Any CPU
		{4776E6E3-1124-466D-8E27-52F65816EC17}.Ad-Hoc|x64.Build.0 = Release|Any CPU
		{4776E6E3-1124-466D-8E27-52F65816EC17}.Ad-Hoc|x64.Deploy.0 = Release|Any CPU
		{4776E6E3-1124-466D-8E27-52F65816EC17}.Ad-Hoc|x86.ActiveCfg = Release|Any CPU
		{4776E6E3-1124-466D-8E27-52F65816EC17}.Ad-Hoc|x86.Build.0 = Release|Any CPU
		{4776E6E3-1124-466D-8E27-52F65816EC17}.Ad-Hoc|x86.Deploy.0 = Release|Any CPU
		{4776E6E3-1124-466D-8E27-52F65816EC17}.AppStore|Any CPU.ActiveCfg = Release|Any CPU
		{4776E6E3-1124-466D-8E27-52F65816EC17}.AppStore|Any CPU.Build.0 = Release|Any CPU
		{4776E6E3-1124-466D-8E27-52F65816EC17}.AppStore|Any CPU.Deploy.0 = Release|Any CPU
		{4776E6E3-1124-466D-8E27-52F65816EC17}.AppStore|ARM.ActiveCfg = Release|Any CPU
		{4776E6E3-1124-466D-8E27-52F65816EC17}.AppStore|ARM.Build.0 = Release|Any CPU
		{4776E6E3-1124-466D-8E27-52F65816EC17}.AppStore|ARM.Deploy.0 = Release|Any CPU
		{4776E6E3-1124-466D-8E27-52F65816EC17}.AppStore|iPhone.ActiveCfg = Release|Any CPU
		{4776E6E3-1124-466D-8E27-52F65816EC17}.AppStore|iPhone.Build.0 = Release|Any CPU
		{4776E6E3-1124-466D-8E27-52F65816EC17}.AppStore|iPhone.Deploy.0 = Release|Any CPU
		{4776E6E3-1124-466D-8E27-52F65816EC17}.AppStore|iPhoneSimulator.ActiveCfg = Release|Any CPU
		{4776E6E3-1124-466D-8E27-52F65816EC17}.AppStore|iPhoneSimulator.Build.0 = Release|Any CPU
		{4776E6E3-1124-466D-8E27-52F65816EC17}.AppStore|iPhoneSimulator.Deploy.0 = Release|Any CPU
		{4776E6E3-1124-466D-8E27-52F65816EC17}.AppStore|x64.ActiveCfg = Release|Any CPU
		{4776E6E3-1124-466D-8E27-52F65816EC17}.AppStore|x64.Build.0 = Release|Any CPU
		{4776E6E3-1124-466D-8E27-52F65816EC17}.AppStore|x64.Deploy.0 = Release|Any CPU
		{4776E6E3-1124-466D-8E27-52F65816EC17}.AppStore|x86.ActiveCfg = Release|Any CPU
		{4776E6E3-1124-466D-8E27-52F65816EC17}.AppStore|x86.Build.0 = Release|Any CPU
		{4776E6E3-1124-466D-8E27-52F65816EC17}.AppStore|x86.Deploy.0 = Release|Any CPU
		{4776E6E3-1124-466D-8E27-52F65816EC17}.Database Debug|Any CPU.ActiveCfg = Debug|Any CPU
		{4776E6E3-1124-466D-8E27-52F65816EC17}.Database Debug|ARM.ActiveCfg = Debug|Any CPU
		{4776E6E3-1124-466D-8E27-52F65816EC17}.Database Debug|ARM.Build.0 = Debug|Any CPU
		{4776E6E3-1124-466D-8E27-52F65816EC17}.Database Debug|ARM.Deploy.0 = Debug|Any CPU
		{4776E6E3-1124-466D-8E27-52F65816EC17}.Database Debug|iPhone.ActiveCfg = Debug|Any CPU
		{4776E6E3-1124-466D-8E27-52F65816EC17}.Database Debug|iPhone.Build.0 = Debug|Any CPU
		{4776E6E3-1124-466D-8E27-52F65816EC17}.Database Debug|iPhone.Deploy.0 = Debug|Any CPU
		{4776E6E3-1124-466D-8E27-52F65816EC17}.Database Debug|iPhoneSimulator.ActiveCfg = Debug|Any CPU
		{4776E6E3-1124-466D-8E27-52F65816EC17}.Database Debug|iPhoneSimulator.Build.0 = Debug|Any CPU
		{4776E6E3-1124-466D-8E27-52F65816EC17}.Database Debug|iPhoneSimulator.Deploy.0 = Debug|Any CPU
		{4776E6E3-1124-466D-8E27-52F65816EC17}.Database Debug|x64.ActiveCfg = Debug|Any CPU
		{4776E6E3-1124-466D-8E27-52F65816EC17}.Database Debug|x64.Build.0 = Debug|Any CPU
		{4776E6E3-1124-466D-8E27-52F65816EC17}.Database Debug|x64.Deploy.0 = Debug|Any CPU
		{4776E6E3-1124-466D-8E27-52F65816EC17}.Database Debug|x86.ActiveCfg = Debug|Any CPU
		{4776E6E3-1124-466D-8E27-52F65816EC17}.Database Debug|x86.Build.0 = Debug|Any CPU
		{4776E6E3-1124-466D-8E27-52F65816EC17}.Database Debug|x86.Deploy.0 = Debug|Any CPU
		{4776E6E3-1124-466D-8E27-52F65816EC17}.Database Release|Any CPU.ActiveCfg = Release|Any CPU
		{4776E6E3-1124-466D-8E27-52F65816EC17}.Database Release|ARM.ActiveCfg = Release|Any CPU
		{4776E6E3-1124-466D-8E27-52F65816EC17}.Database Release|ARM.Build.0 = Release|Any CPU
		{4776E6E3-1124-466D-8E27-52F65816EC17}.Database Release|ARM.Deploy.0 = Release|Any CPU
		{4776E6E3-1124-466D-8E27-52F65816EC17}.Database Release|iPhone.ActiveCfg = Release|Any CPU
		{4776E6E3-1124-466D-8E27-52F65816EC17}.Database Release|iPhone.Build.0 = Release|Any CPU
		{4776E6E3-1124-466D-8E27-52F65816EC17}.Database Release|iPhone.Deploy.0 = Release|Any CPU
		{4776E6E3-1124-466D-8E27-52F65816EC17}.Database Release|iPhoneSimulator.ActiveCfg = Release|Any CPU
		{4776E6E3-1124-466D-8E27-52F65816EC17}.Database Release|iPhoneSimulator.Build.0 = Release|Any CPU
		{4776E6E3-1124-466D-8E27-52F65816EC17}.Database Release|iPhoneSimulator.Deploy.0 = Release|Any CPU
		{4776E6E3-1124-466D-8E27-52F65816EC17}.Database Release|x64.ActiveCfg = Release|Any CPU
		{4776E6E3-1124-466D-8E27-52F65816EC17}.Database Release|x64.Build.0 = Release|Any CPU
		{4776E6E3-1124-466D-8E27-52F65816EC17}.Database Release|x64.Deploy.0 = Release|Any CPU
		{4776E6E3-1124-466D-8E27-52F65816EC17}.Database Release|x86.ActiveCfg = Release|Any CPU
		{4776E6E3-1124-466D-8E27-52F65816EC17}.Database Release|x86.Build.0 = Release|Any CPU
		{4776E6E3-1124-466D-8E27-52F65816EC17}.Database Release|x86.Deploy.0 = Release|Any CPU
		{4776E6E3-1124-466D-8E27-52F65816EC17}.Debug|Any CPU.ActiveCfg = Debug|Any CPU
		{4776E6E3-1124-466D-8E27-52F65816EC17}.Debug|Any CPU.Build.0 = Debug|Any CPU
		{4776E6E3-1124-466D-8E27-52F65816EC17}.Debug|Any CPU.Deploy.0 = Debug|Any CPU
		{4776E6E3-1124-466D-8E27-52F65816EC17}.Debug|ARM.ActiveCfg = Debug|Any CPU
		{4776E6E3-1124-466D-8E27-52F65816EC17}.Debug|ARM.Build.0 = Debug|Any CPU
		{4776E6E3-1124-466D-8E27-52F65816EC17}.Debug|ARM.Deploy.0 = Debug|Any CPU
		{4776E6E3-1124-466D-8E27-52F65816EC17}.Debug|iPhone.ActiveCfg = Debug|Any CPU
		{4776E6E3-1124-466D-8E27-52F65816EC17}.Debug|iPhone.Build.0 = Debug|Any CPU
		{4776E6E3-1124-466D-8E27-52F65816EC17}.Debug|iPhone.Deploy.0 = Debug|Any CPU
		{4776E6E3-1124-466D-8E27-52F65816EC17}.Debug|iPhoneSimulator.ActiveCfg = Debug|Any CPU
		{4776E6E3-1124-466D-8E27-52F65816EC17}.Debug|iPhoneSimulator.Build.0 = Debug|Any CPU
		{4776E6E3-1124-466D-8E27-52F65816EC17}.Debug|iPhoneSimulator.Deploy.0 = Debug|Any CPU
		{4776E6E3-1124-466D-8E27-52F65816EC17}.Debug|x64.ActiveCfg = Debug|Any CPU
		{4776E6E3-1124-466D-8E27-52F65816EC17}.Debug|x64.Build.0 = Debug|Any CPU
		{4776E6E3-1124-466D-8E27-52F65816EC17}.Debug|x64.Deploy.0 = Debug|Any CPU
		{4776E6E3-1124-466D-8E27-52F65816EC17}.Debug|x86.ActiveCfg = Debug|Any CPU
		{4776E6E3-1124-466D-8E27-52F65816EC17}.Debug|x86.Build.0 = Debug|Any CPU
		{4776E6E3-1124-466D-8E27-52F65816EC17}.Debug|x86.Deploy.0 = Debug|Any CPU
		{4776E6E3-1124-466D-8E27-52F65816EC17}.Release|Any CPU.ActiveCfg = Release|Any CPU
		{4776E6E3-1124-466D-8E27-52F65816EC17}.Release|Any CPU.Build.0 = Release|Any CPU
		{4776E6E3-1124-466D-8E27-52F65816EC17}.Release|Any CPU.Deploy.0 = Release|Any CPU
		{4776E6E3-1124-466D-8E27-52F65816EC17}.Release|ARM.ActiveCfg = Release|Any CPU
		{4776E6E3-1124-466D-8E27-52F65816EC17}.Release|ARM.Build.0 = Release|Any CPU
		{4776E6E3-1124-466D-8E27-52F65816EC17}.Release|ARM.Deploy.0 = Release|Any CPU
		{4776E6E3-1124-466D-8E27-52F65816EC17}.Release|iPhone.ActiveCfg = Release|Any CPU
		{4776E6E3-1124-466D-8E27-52F65816EC17}.Release|iPhone.Build.0 = Release|Any CPU
		{4776E6E3-1124-466D-8E27-52F65816EC17}.Release|iPhone.Deploy.0 = Release|Any CPU
		{4776E6E3-1124-466D-8E27-52F65816EC17}.Release|iPhoneSimulator.ActiveCfg = Release|Any CPU
		{4776E6E3-1124-466D-8E27-52F65816EC17}.Release|iPhoneSimulator.Build.0 = Release|Any CPU
		{4776E6E3-1124-466D-8E27-52F65816EC17}.Release|iPhoneSimulator.Deploy.0 = Release|Any CPU
		{4776E6E3-1124-466D-8E27-52F65816EC17}.Release|x64.ActiveCfg = Release|Any CPU
		{4776E6E3-1124-466D-8E27-52F65816EC17}.Release|x64.Build.0 = Release|Any CPU
		{4776E6E3-1124-466D-8E27-52F65816EC17}.Release|x64.Deploy.0 = Release|Any CPU
		{4776E6E3-1124-466D-8E27-52F65816EC17}.Release|x86.ActiveCfg = Release|Any CPU
		{4776E6E3-1124-466D-8E27-52F65816EC17}.Release|x86.Build.0 = Release|Any CPU
		{4776E6E3-1124-466D-8E27-52F65816EC17}.Release|x86.Deploy.0 = Release|Any CPU
		{1E790B10-D053-43EE-8B04-D4F68AACD04C}.Ad-Hoc|Any CPU.ActiveCfg = Ad-Hoc|iPhone
		{1E790B10-D053-43EE-8B04-D4F68AACD04C}.Ad-Hoc|ARM.ActiveCfg = Ad-Hoc|iPhone
		{1E790B10-D053-43EE-8B04-D4F68AACD04C}.Ad-Hoc|iPhone.ActiveCfg = Ad-Hoc|iPhone
		{1E790B10-D053-43EE-8B04-D4F68AACD04C}.Ad-Hoc|iPhone.Build.0 = Ad-Hoc|iPhone
		{1E790B10-D053-43EE-8B04-D4F68AACD04C}.Ad-Hoc|iPhoneSimulator.ActiveCfg = Ad-Hoc|iPhoneSimulator
		{1E790B10-D053-43EE-8B04-D4F68AACD04C}.Ad-Hoc|iPhoneSimulator.Build.0 = Ad-Hoc|iPhoneSimulator
		{1E790B10-D053-43EE-8B04-D4F68AACD04C}.Ad-Hoc|x64.ActiveCfg = Ad-Hoc|iPhone
		{1E790B10-D053-43EE-8B04-D4F68AACD04C}.Ad-Hoc|x86.ActiveCfg = Ad-Hoc|iPhone
		{1E790B10-D053-43EE-8B04-D4F68AACD04C}.AppStore|Any CPU.ActiveCfg = AppStore|iPhone
		{1E790B10-D053-43EE-8B04-D4F68AACD04C}.AppStore|ARM.ActiveCfg = AppStore|iPhone
		{1E790B10-D053-43EE-8B04-D4F68AACD04C}.AppStore|iPhone.ActiveCfg = AppStore|iPhone
		{1E790B10-D053-43EE-8B04-D4F68AACD04C}.AppStore|iPhone.Build.0 = AppStore|iPhone
		{1E790B10-D053-43EE-8B04-D4F68AACD04C}.AppStore|iPhoneSimulator.ActiveCfg = AppStore|iPhoneSimulator
		{1E790B10-D053-43EE-8B04-D4F68AACD04C}.AppStore|iPhoneSimulator.Build.0 = AppStore|iPhoneSimulator
		{1E790B10-D053-43EE-8B04-D4F68AACD04C}.AppStore|x64.ActiveCfg = AppStore|iPhone
		{1E790B10-D053-43EE-8B04-D4F68AACD04C}.AppStore|x86.ActiveCfg = AppStore|iPhone
		{1E790B10-D053-43EE-8B04-D4F68AACD04C}.Database Debug|Any CPU.ActiveCfg = Debug|iPhone
		{1E790B10-D053-43EE-8B04-D4F68AACD04C}.Database Debug|ARM.ActiveCfg = Debug|iPhone
		{1E790B10-D053-43EE-8B04-D4F68AACD04C}.Database Debug|iPhone.ActiveCfg = Debug|iPhone
		{1E790B10-D053-43EE-8B04-D4F68AACD04C}.Database Debug|iPhone.Build.0 = Debug|iPhone
		{1E790B10-D053-43EE-8B04-D4F68AACD04C}.Database Debug|iPhoneSimulator.ActiveCfg = Debug|iPhoneSimulator
		{1E790B10-D053-43EE-8B04-D4F68AACD04C}.Database Debug|iPhoneSimulator.Build.0 = Debug|iPhoneSimulator
		{1E790B10-D053-43EE-8B04-D4F68AACD04C}.Database Debug|x64.ActiveCfg = Debug|iPhone
		{1E790B10-D053-43EE-8B04-D4F68AACD04C}.Database Debug|x86.ActiveCfg = Debug|iPhone
		{1E790B10-D053-43EE-8B04-D4F68AACD04C}.Database Release|Any CPU.ActiveCfg = Release|iPhone
		{1E790B10-D053-43EE-8B04-D4F68AACD04C}.Database Release|ARM.ActiveCfg = Release|iPhone
		{1E790B10-D053-43EE-8B04-D4F68AACD04C}.Database Release|iPhone.ActiveCfg = Release|iPhone
		{1E790B10-D053-43EE-8B04-D4F68AACD04C}.Database Release|iPhone.Build.0 = Release|iPhone
		{1E790B10-D053-43EE-8B04-D4F68AACD04C}.Database Release|iPhoneSimulator.ActiveCfg = Release|iPhoneSimulator
		{1E790B10-D053-43EE-8B04-D4F68AACD04C}.Database Release|iPhoneSimulator.Build.0 = Release|iPhoneSimulator
		{1E790B10-D053-43EE-8B04-D4F68AACD04C}.Database Release|x64.ActiveCfg = Release|iPhone
		{1E790B10-D053-43EE-8B04-D4F68AACD04C}.Database Release|x86.ActiveCfg = Release|iPhone
		{1E790B10-D053-43EE-8B04-D4F68AACD04C}.Debug|Any CPU.ActiveCfg = Debug|iPhone
		{1E790B10-D053-43EE-8B04-D4F68AACD04C}.Debug|ARM.ActiveCfg = Debug|iPhone
		{1E790B10-D053-43EE-8B04-D4F68AACD04C}.Debug|iPhone.ActiveCfg = Debug|iPhone
		{1E790B10-D053-43EE-8B04-D4F68AACD04C}.Debug|iPhone.Build.0 = Debug|iPhone
		{1E790B10-D053-43EE-8B04-D4F68AACD04C}.Debug|iPhoneSimulator.ActiveCfg = Debug|iPhoneSimulator
		{1E790B10-D053-43EE-8B04-D4F68AACD04C}.Debug|iPhoneSimulator.Build.0 = Debug|iPhoneSimulator
		{1E790B10-D053-43EE-8B04-D4F68AACD04C}.Debug|x64.ActiveCfg = Debug|iPhone
		{1E790B10-D053-43EE-8B04-D4F68AACD04C}.Debug|x86.ActiveCfg = Debug|iPhone
		{1E790B10-D053-43EE-8B04-D4F68AACD04C}.Release|Any CPU.ActiveCfg = Release|iPhone
		{1E790B10-D053-43EE-8B04-D4F68AACD04C}.Release|ARM.ActiveCfg = Release|iPhone
		{1E790B10-D053-43EE-8B04-D4F68AACD04C}.Release|iPhone.ActiveCfg = Release|iPhone
		{1E790B10-D053-43EE-8B04-D4F68AACD04C}.Release|iPhone.Build.0 = Release|iPhone
		{1E790B10-D053-43EE-8B04-D4F68AACD04C}.Release|iPhoneSimulator.ActiveCfg = Release|iPhoneSimulator
		{1E790B10-D053-43EE-8B04-D4F68AACD04C}.Release|iPhoneSimulator.Build.0 = Release|iPhoneSimulator
		{1E790B10-D053-43EE-8B04-D4F68AACD04C}.Release|x64.ActiveCfg = Release|iPhone
		{1E790B10-D053-43EE-8B04-D4F68AACD04C}.Release|x86.ActiveCfg = Release|iPhone
		{34B428F4-D211-4FE0-801A-9AD407F90416}.Ad-Hoc|Any CPU.ActiveCfg = Release|x86
		{34B428F4-D211-4FE0-801A-9AD407F90416}.Ad-Hoc|Any CPU.Build.0 = Release|x86
		{34B428F4-D211-4FE0-801A-9AD407F90416}.Ad-Hoc|Any CPU.Deploy.0 = Release|x86
		{34B428F4-D211-4FE0-801A-9AD407F90416}.Ad-Hoc|ARM.ActiveCfg = Release|ARM
		{34B428F4-D211-4FE0-801A-9AD407F90416}.Ad-Hoc|ARM.Build.0 = Release|ARM
		{34B428F4-D211-4FE0-801A-9AD407F90416}.Ad-Hoc|ARM.Deploy.0 = Release|ARM
		{34B428F4-D211-4FE0-801A-9AD407F90416}.Ad-Hoc|iPhone.ActiveCfg = Release|x86
		{34B428F4-D211-4FE0-801A-9AD407F90416}.Ad-Hoc|iPhone.Build.0 = Release|x86
		{34B428F4-D211-4FE0-801A-9AD407F90416}.Ad-Hoc|iPhone.Deploy.0 = Release|x86
		{34B428F4-D211-4FE0-801A-9AD407F90416}.Ad-Hoc|iPhoneSimulator.ActiveCfg = Release|x86
		{34B428F4-D211-4FE0-801A-9AD407F90416}.Ad-Hoc|iPhoneSimulator.Build.0 = Release|x86
		{34B428F4-D211-4FE0-801A-9AD407F90416}.Ad-Hoc|iPhoneSimulator.Deploy.0 = Release|x86
		{34B428F4-D211-4FE0-801A-9AD407F90416}.Ad-Hoc|x64.ActiveCfg = Release|x64
		{34B428F4-D211-4FE0-801A-9AD407F90416}.Ad-Hoc|x64.Build.0 = Release|x64
		{34B428F4-D211-4FE0-801A-9AD407F90416}.Ad-Hoc|x64.Deploy.0 = Release|x64
		{34B428F4-D211-4FE0-801A-9AD407F90416}.Ad-Hoc|x86.ActiveCfg = Release|x86
		{34B428F4-D211-4FE0-801A-9AD407F90416}.Ad-Hoc|x86.Build.0 = Release|x86
		{34B428F4-D211-4FE0-801A-9AD407F90416}.Ad-Hoc|x86.Deploy.0 = Release|x86
		{34B428F4-D211-4FE0-801A-9AD407F90416}.AppStore|Any CPU.ActiveCfg = Release|x86
		{34B428F4-D211-4FE0-801A-9AD407F90416}.AppStore|Any CPU.Build.0 = Release|x86
		{34B428F4-D211-4FE0-801A-9AD407F90416}.AppStore|Any CPU.Deploy.0 = Release|x86
		{34B428F4-D211-4FE0-801A-9AD407F90416}.AppStore|ARM.ActiveCfg = Release|ARM
		{34B428F4-D211-4FE0-801A-9AD407F90416}.AppStore|ARM.Build.0 = Release|ARM
		{34B428F4-D211-4FE0-801A-9AD407F90416}.AppStore|ARM.Deploy.0 = Release|ARM
		{34B428F4-D211-4FE0-801A-9AD407F90416}.AppStore|iPhone.ActiveCfg = Release|x86
		{34B428F4-D211-4FE0-801A-9AD407F90416}.AppStore|iPhone.Build.0 = Release|x86
		{34B428F4-D211-4FE0-801A-9AD407F90416}.AppStore|iPhone.Deploy.0 = Release|x86
		{34B428F4-D211-4FE0-801A-9AD407F90416}.AppStore|iPhoneSimulator.ActiveCfg = Release|x86
		{34B428F4-D211-4FE0-801A-9AD407F90416}.AppStore|iPhoneSimulator.Build.0 = Release|x86
		{34B428F4-D211-4FE0-801A-9AD407F90416}.AppStore|iPhoneSimulator.Deploy.0 = Release|x86
		{34B428F4-D211-4FE0-801A-9AD407F90416}.AppStore|x64.ActiveCfg = Release|x64
		{34B428F4-D211-4FE0-801A-9AD407F90416}.AppStore|x64.Build.0 = Release|x64
		{34B428F4-D211-4FE0-801A-9AD407F90416}.AppStore|x64.Deploy.0 = Release|x64
		{34B428F4-D211-4FE0-801A-9AD407F90416}.AppStore|x86.ActiveCfg = Release|x86
		{34B428F4-D211-4FE0-801A-9AD407F90416}.AppStore|x86.Build.0 = Release|x86
		{34B428F4-D211-4FE0-801A-9AD407F90416}.AppStore|x86.Deploy.0 = Release|x86
		{34B428F4-D211-4FE0-801A-9AD407F90416}.Database Debug|Any CPU.ActiveCfg = Debug|x86
		{34B428F4-D211-4FE0-801A-9AD407F90416}.Database Debug|ARM.ActiveCfg = Debug|ARM
		{34B428F4-D211-4FE0-801A-9AD407F90416}.Database Debug|ARM.Build.0 = Debug|ARM
		{34B428F4-D211-4FE0-801A-9AD407F90416}.Database Debug|ARM.Deploy.0 = Debug|ARM
		{34B428F4-D211-4FE0-801A-9AD407F90416}.Database Debug|iPhone.ActiveCfg = Debug|x86
		{34B428F4-D211-4FE0-801A-9AD407F90416}.Database Debug|iPhoneSimulator.ActiveCfg = Debug|x86
		{34B428F4-D211-4FE0-801A-9AD407F90416}.Database Debug|x64.ActiveCfg = Debug|x64
		{34B428F4-D211-4FE0-801A-9AD407F90416}.Database Debug|x64.Build.0 = Debug|x64
		{34B428F4-D211-4FE0-801A-9AD407F90416}.Database Debug|x64.Deploy.0 = Debug|x64
		{34B428F4-D211-4FE0-801A-9AD407F90416}.Database Debug|x86.ActiveCfg = Debug|x86
		{34B428F4-D211-4FE0-801A-9AD407F90416}.Database Debug|x86.Build.0 = Debug|x86
		{34B428F4-D211-4FE0-801A-9AD407F90416}.Database Debug|x86.Deploy.0 = Debug|x86
		{34B428F4-D211-4FE0-801A-9AD407F90416}.Database Release|Any CPU.ActiveCfg = Release|x86
		{34B428F4-D211-4FE0-801A-9AD407F90416}.Database Release|ARM.ActiveCfg = Release|ARM
		{34B428F4-D211-4FE0-801A-9AD407F90416}.Database Release|ARM.Build.0 = Release|ARM
		{34B428F4-D211-4FE0-801A-9AD407F90416}.Database Release|ARM.Deploy.0 = Release|ARM
		{34B428F4-D211-4FE0-801A-9AD407F90416}.Database Release|iPhone.ActiveCfg = Release|x86
		{34B428F4-D211-4FE0-801A-9AD407F90416}.Database Release|iPhoneSimulator.ActiveCfg = Release|x86
		{34B428F4-D211-4FE0-801A-9AD407F90416}.Database Release|x64.ActiveCfg = Release|x64
		{34B428F4-D211-4FE0-801A-9AD407F90416}.Database Release|x64.Build.0 = Release|x64
		{34B428F4-D211-4FE0-801A-9AD407F90416}.Database Release|x64.Deploy.0 = Release|x64
		{34B428F4-D211-4FE0-801A-9AD407F90416}.Database Release|x86.ActiveCfg = Release|x86
		{34B428F4-D211-4FE0-801A-9AD407F90416}.Database Release|x86.Build.0 = Release|x86
		{34B428F4-D211-4FE0-801A-9AD407F90416}.Database Release|x86.Deploy.0 = Release|x86
		{34B428F4-D211-4FE0-801A-9AD407F90416}.Debug|Any CPU.ActiveCfg = Debug|x86
		{34B428F4-D211-4FE0-801A-9AD407F90416}.Debug|ARM.ActiveCfg = Debug|ARM
		{34B428F4-D211-4FE0-801A-9AD407F90416}.Debug|ARM.Build.0 = Debug|ARM
		{34B428F4-D211-4FE0-801A-9AD407F90416}.Debug|ARM.Deploy.0 = Debug|ARM
		{34B428F4-D211-4FE0-801A-9AD407F90416}.Debug|iPhone.ActiveCfg = Debug|x86
		{34B428F4-D211-4FE0-801A-9AD407F90416}.Debug|iPhoneSimulator.ActiveCfg = Debug|x86
		{34B428F4-D211-4FE0-801A-9AD407F90416}.Debug|x64.ActiveCfg = Debug|x64
		{34B428F4-D211-4FE0-801A-9AD407F90416}.Debug|x64.Deploy.0 = Debug|x64
		{34B428F4-D211-4FE0-801A-9AD407F90416}.Debug|x86.ActiveCfg = Debug|x86
		{34B428F4-D211-4FE0-801A-9AD407F90416}.Debug|x86.Build.0 = Debug|x86
		{34B428F4-D211-4FE0-801A-9AD407F90416}.Debug|x86.Deploy.0 = Debug|x86
		{34B428F4-D211-4FE0-801A-9AD407F90416}.Release|Any CPU.ActiveCfg = Release|x86
		{34B428F4-D211-4FE0-801A-9AD407F90416}.Release|ARM.ActiveCfg = Release|ARM
		{34B428F4-D211-4FE0-801A-9AD407F90416}.Release|ARM.Build.0 = Release|ARM
		{34B428F4-D211-4FE0-801A-9AD407F90416}.Release|ARM.Deploy.0 = Release|ARM
		{34B428F4-D211-4FE0-801A-9AD407F90416}.Release|iPhone.ActiveCfg = Release|x86
		{34B428F4-D211-4FE0-801A-9AD407F90416}.Release|iPhoneSimulator.ActiveCfg = Release|x86
		{34B428F4-D211-4FE0-801A-9AD407F90416}.Release|x64.ActiveCfg = Release|x64
		{34B428F4-D211-4FE0-801A-9AD407F90416}.Release|x64.Build.0 = Release|x64
		{34B428F4-D211-4FE0-801A-9AD407F90416}.Release|x64.Deploy.0 = Release|x64
		{34B428F4-D211-4FE0-801A-9AD407F90416}.Release|x86.ActiveCfg = Release|x86
		{34B428F4-D211-4FE0-801A-9AD407F90416}.Release|x86.Build.0 = Release|x86
		{34B428F4-D211-4FE0-801A-9AD407F90416}.Release|x86.Deploy.0 = Release|x86
		{A8D46E69-A7B9-43E3-A1A1-09B2AED07522}.Ad-Hoc|Any CPU.ActiveCfg = Debug|Any CPU
		{A8D46E69-A7B9-43E3-A1A1-09B2AED07522}.Ad-Hoc|Any CPU.Build.0 = Debug|Any CPU
		{A8D46E69-A7B9-43E3-A1A1-09B2AED07522}.Ad-Hoc|ARM.ActiveCfg = Debug|Any CPU
		{A8D46E69-A7B9-43E3-A1A1-09B2AED07522}.Ad-Hoc|ARM.Build.0 = Debug|Any CPU
		{A8D46E69-A7B9-43E3-A1A1-09B2AED07522}.Ad-Hoc|iPhone.ActiveCfg = Debug|Any CPU
		{A8D46E69-A7B9-43E3-A1A1-09B2AED07522}.Ad-Hoc|iPhone.Build.0 = Debug|Any CPU
		{A8D46E69-A7B9-43E3-A1A1-09B2AED07522}.Ad-Hoc|iPhoneSimulator.ActiveCfg = Debug|Any CPU
		{A8D46E69-A7B9-43E3-A1A1-09B2AED07522}.Ad-Hoc|iPhoneSimulator.Build.0 = Debug|Any CPU
		{A8D46E69-A7B9-43E3-A1A1-09B2AED07522}.Ad-Hoc|x64.ActiveCfg = Debug|Any CPU
		{A8D46E69-A7B9-43E3-A1A1-09B2AED07522}.Ad-Hoc|x64.Build.0 = Debug|Any CPU
		{A8D46E69-A7B9-43E3-A1A1-09B2AED07522}.Ad-Hoc|x86.ActiveCfg = Debug|Any CPU
		{A8D46E69-A7B9-43E3-A1A1-09B2AED07522}.Ad-Hoc|x86.Build.0 = Debug|Any CPU
		{A8D46E69-A7B9-43E3-A1A1-09B2AED07522}.AppStore|Any CPU.ActiveCfg = Debug|Any CPU
		{A8D46E69-A7B9-43E3-A1A1-09B2AED07522}.AppStore|Any CPU.Build.0 = Debug|Any CPU
		{A8D46E69-A7B9-43E3-A1A1-09B2AED07522}.AppStore|ARM.ActiveCfg = Debug|Any CPU
		{A8D46E69-A7B9-43E3-A1A1-09B2AED07522}.AppStore|ARM.Build.0 = Debug|Any CPU
		{A8D46E69-A7B9-43E3-A1A1-09B2AED07522}.AppStore|iPhone.ActiveCfg = Debug|Any CPU
		{A8D46E69-A7B9-43E3-A1A1-09B2AED07522}.AppStore|iPhone.Build.0 = Debug|Any CPU
		{A8D46E69-A7B9-43E3-A1A1-09B2AED07522}.AppStore|iPhoneSimulator.ActiveCfg = Debug|Any CPU
		{A8D46E69-A7B9-43E3-A1A1-09B2AED07522}.AppStore|iPhoneSimulator.Build.0 = Debug|Any CPU
		{A8D46E69-A7B9-43E3-A1A1-09B2AED07522}.AppStore|x64.ActiveCfg = Debug|Any CPU
		{A8D46E69-A7B9-43E3-A1A1-09B2AED07522}.AppStore|x64.Build.0 = Debug|Any CPU
		{A8D46E69-A7B9-43E3-A1A1-09B2AED07522}.AppStore|x86.ActiveCfg = Debug|Any CPU
		{A8D46E69-A7B9-43E3-A1A1-09B2AED07522}.AppStore|x86.Build.0 = Debug|Any CPU
		{A8D46E69-A7B9-43E3-A1A1-09B2AED07522}.Database Debug|Any CPU.ActiveCfg = Debug|Any CPU
		{A8D46E69-A7B9-43E3-A1A1-09B2AED07522}.Database Debug|Any CPU.Build.0 = Debug|Any CPU
		{A8D46E69-A7B9-43E3-A1A1-09B2AED07522}.Database Debug|ARM.ActiveCfg = Debug|Any CPU
		{A8D46E69-A7B9-43E3-A1A1-09B2AED07522}.Database Debug|ARM.Build.0 = Debug|Any CPU
		{A8D46E69-A7B9-43E3-A1A1-09B2AED07522}.Database Debug|iPhone.ActiveCfg = Debug|Any CPU
		{A8D46E69-A7B9-43E3-A1A1-09B2AED07522}.Database Debug|iPhone.Build.0 = Debug|Any CPU
		{A8D46E69-A7B9-43E3-A1A1-09B2AED07522}.Database Debug|iPhoneSimulator.ActiveCfg = Debug|Any CPU
		{A8D46E69-A7B9-43E3-A1A1-09B2AED07522}.Database Debug|iPhoneSimulator.Build.0 = Debug|Any CPU
		{A8D46E69-A7B9-43E3-A1A1-09B2AED07522}.Database Debug|x64.ActiveCfg = Debug|Any CPU
		{A8D46E69-A7B9-43E3-A1A1-09B2AED07522}.Database Debug|x64.Build.0 = Debug|Any CPU
		{A8D46E69-A7B9-43E3-A1A1-09B2AED07522}.Database Debug|x86.ActiveCfg = Debug|Any CPU
		{A8D46E69-A7B9-43E3-A1A1-09B2AED07522}.Database Debug|x86.Build.0 = Debug|Any CPU
		{A8D46E69-A7B9-43E3-A1A1-09B2AED07522}.Database Release|Any CPU.ActiveCfg = Release|Any CPU
		{A8D46E69-A7B9-43E3-A1A1-09B2AED07522}.Database Release|Any CPU.Build.0 = Release|Any CPU
		{A8D46E69-A7B9-43E3-A1A1-09B2AED07522}.Database Release|ARM.ActiveCfg = Release|Any CPU
		{A8D46E69-A7B9-43E3-A1A1-09B2AED07522}.Database Release|ARM.Build.0 = Release|Any CPU
		{A8D46E69-A7B9-43E3-A1A1-09B2AED07522}.Database Release|iPhone.ActiveCfg = Release|Any CPU
		{A8D46E69-A7B9-43E3-A1A1-09B2AED07522}.Database Release|iPhone.Build.0 = Release|Any CPU
		{A8D46E69-A7B9-43E3-A1A1-09B2AED07522}.Database Release|iPhoneSimulator.ActiveCfg = Release|Any CPU
		{A8D46E69-A7B9-43E3-A1A1-09B2AED07522}.Database Release|iPhoneSimulator.Build.0 = Release|Any CPU
		{A8D46E69-A7B9-43E3-A1A1-09B2AED07522}.Database Release|x64.ActiveCfg = Release|Any CPU
		{A8D46E69-A7B9-43E3-A1A1-09B2AED07522}.Database Release|x64.Build.0 = Release|Any CPU
		{A8D46E69-A7B9-43E3-A1A1-09B2AED07522}.Database Release|x86.ActiveCfg = Release|Any CPU
		{A8D46E69-A7B9-43E3-A1A1-09B2AED07522}.Database Release|x86.Build.0 = Release|Any CPU
		{A8D46E69-A7B9-43E3-A1A1-09B2AED07522}.Debug|Any CPU.ActiveCfg = Debug|Any CPU
		{A8D46E69-A7B9-43E3-A1A1-09B2AED07522}.Debug|Any CPU.Build.0 = Debug|Any CPU
		{A8D46E69-A7B9-43E3-A1A1-09B2AED07522}.Debug|ARM.ActiveCfg = Debug|Any CPU
		{A8D46E69-A7B9-43E3-A1A1-09B2AED07522}.Debug|ARM.Build.0 = Debug|Any CPU
		{A8D46E69-A7B9-43E3-A1A1-09B2AED07522}.Debug|iPhone.ActiveCfg = Debug|Any CPU
		{A8D46E69-A7B9-43E3-A1A1-09B2AED07522}.Debug|iPhone.Build.0 = Debug|Any CPU
		{A8D46E69-A7B9-43E3-A1A1-09B2AED07522}.Debug|iPhoneSimulator.ActiveCfg = Debug|Any CPU
		{A8D46E69-A7B9-43E3-A1A1-09B2AED07522}.Debug|iPhoneSimulator.Build.0 = Debug|Any CPU
		{A8D46E69-A7B9-43E3-A1A1-09B2AED07522}.Debug|x64.ActiveCfg = Debug|Any CPU
		{A8D46E69-A7B9-43E3-A1A1-09B2AED07522}.Debug|x64.Build.0 = Debug|Any CPU
		{A8D46E69-A7B9-43E3-A1A1-09B2AED07522}.Debug|x86.ActiveCfg = Debug|Any CPU
		{A8D46E69-A7B9-43E3-A1A1-09B2AED07522}.Debug|x86.Build.0 = Debug|Any CPU
		{A8D46E69-A7B9-43E3-A1A1-09B2AED07522}.Release|Any CPU.ActiveCfg = Release|Any CPU
		{A8D46E69-A7B9-43E3-A1A1-09B2AED07522}.Release|Any CPU.Build.0 = Release|Any CPU
		{A8D46E69-A7B9-43E3-A1A1-09B2AED07522}.Release|ARM.ActiveCfg = Release|Any CPU
		{A8D46E69-A7B9-43E3-A1A1-09B2AED07522}.Release|ARM.Build.0 = Release|Any CPU
		{A8D46E69-A7B9-43E3-A1A1-09B2AED07522}.Release|iPhone.ActiveCfg = Release|Any CPU
		{A8D46E69-A7B9-43E3-A1A1-09B2AED07522}.Release|iPhone.Build.0 = Release|Any CPU
		{A8D46E69-A7B9-43E3-A1A1-09B2AED07522}.Release|iPhoneSimulator.ActiveCfg = Release|Any CPU
		{A8D46E69-A7B9-43E3-A1A1-09B2AED07522}.Release|iPhoneSimulator.Build.0 = Release|Any CPU
		{A8D46E69-A7B9-43E3-A1A1-09B2AED07522}.Release|x64.ActiveCfg = Release|Any CPU
		{A8D46E69-A7B9-43E3-A1A1-09B2AED07522}.Release|x64.Build.0 = Release|Any CPU
		{A8D46E69-A7B9-43E3-A1A1-09B2AED07522}.Release|x86.ActiveCfg = Release|Any CPU
		{A8D46E69-A7B9-43E3-A1A1-09B2AED07522}.Release|x86.Build.0 = Release|Any CPU
		{9AFC6F1E-163D-4BC3-A16C-8907FD2B2C09}.Ad-Hoc|Any CPU.ActiveCfg = Debug|Any CPU
		{9AFC6F1E-163D-4BC3-A16C-8907FD2B2C09}.Ad-Hoc|Any CPU.Build.0 = Debug|Any CPU
		{9AFC6F1E-163D-4BC3-A16C-8907FD2B2C09}.Ad-Hoc|ARM.ActiveCfg = Debug|Any CPU
		{9AFC6F1E-163D-4BC3-A16C-8907FD2B2C09}.Ad-Hoc|ARM.Build.0 = Debug|Any CPU
		{9AFC6F1E-163D-4BC3-A16C-8907FD2B2C09}.Ad-Hoc|iPhone.ActiveCfg = Debug|Any CPU
		{9AFC6F1E-163D-4BC3-A16C-8907FD2B2C09}.Ad-Hoc|iPhone.Build.0 = Debug|Any CPU
		{9AFC6F1E-163D-4BC3-A16C-8907FD2B2C09}.Ad-Hoc|iPhoneSimulator.ActiveCfg = Debug|Any CPU
		{9AFC6F1E-163D-4BC3-A16C-8907FD2B2C09}.Ad-Hoc|iPhoneSimulator.Build.0 = Debug|Any CPU
		{9AFC6F1E-163D-4BC3-A16C-8907FD2B2C09}.Ad-Hoc|x64.ActiveCfg = Debug|Any CPU
		{9AFC6F1E-163D-4BC3-A16C-8907FD2B2C09}.Ad-Hoc|x64.Build.0 = Debug|Any CPU
		{9AFC6F1E-163D-4BC3-A16C-8907FD2B2C09}.Ad-Hoc|x86.ActiveCfg = Debug|Any CPU
		{9AFC6F1E-163D-4BC3-A16C-8907FD2B2C09}.Ad-Hoc|x86.Build.0 = Debug|Any CPU
		{9AFC6F1E-163D-4BC3-A16C-8907FD2B2C09}.AppStore|Any CPU.ActiveCfg = Debug|Any CPU
		{9AFC6F1E-163D-4BC3-A16C-8907FD2B2C09}.AppStore|Any CPU.Build.0 = Debug|Any CPU
		{9AFC6F1E-163D-4BC3-A16C-8907FD2B2C09}.AppStore|ARM.ActiveCfg = Debug|Any CPU
		{9AFC6F1E-163D-4BC3-A16C-8907FD2B2C09}.AppStore|ARM.Build.0 = Debug|Any CPU
		{9AFC6F1E-163D-4BC3-A16C-8907FD2B2C09}.AppStore|iPhone.ActiveCfg = Debug|Any CPU
		{9AFC6F1E-163D-4BC3-A16C-8907FD2B2C09}.AppStore|iPhone.Build.0 = Debug|Any CPU
		{9AFC6F1E-163D-4BC3-A16C-8907FD2B2C09}.AppStore|iPhoneSimulator.ActiveCfg = Debug|Any CPU
		{9AFC6F1E-163D-4BC3-A16C-8907FD2B2C09}.AppStore|iPhoneSimulator.Build.0 = Debug|Any CPU
		{9AFC6F1E-163D-4BC3-A16C-8907FD2B2C09}.AppStore|x64.ActiveCfg = Debug|Any CPU
		{9AFC6F1E-163D-4BC3-A16C-8907FD2B2C09}.AppStore|x64.Build.0 = Debug|Any CPU
		{9AFC6F1E-163D-4BC3-A16C-8907FD2B2C09}.AppStore|x86.ActiveCfg = Debug|Any CPU
		{9AFC6F1E-163D-4BC3-A16C-8907FD2B2C09}.AppStore|x86.Build.0 = Debug|Any CPU
		{9AFC6F1E-163D-4BC3-A16C-8907FD2B2C09}.Database Debug|Any CPU.ActiveCfg = Debug|Any CPU
		{9AFC6F1E-163D-4BC3-A16C-8907FD2B2C09}.Database Debug|Any CPU.Build.0 = Debug|Any CPU
		{9AFC6F1E-163D-4BC3-A16C-8907FD2B2C09}.Database Debug|ARM.ActiveCfg = Debug|Any CPU
		{9AFC6F1E-163D-4BC3-A16C-8907FD2B2C09}.Database Debug|ARM.Build.0 = Debug|Any CPU
		{9AFC6F1E-163D-4BC3-A16C-8907FD2B2C09}.Database Debug|iPhone.ActiveCfg = Debug|Any CPU
		{9AFC6F1E-163D-4BC3-A16C-8907FD2B2C09}.Database Debug|iPhone.Build.0 = Debug|Any CPU
		{9AFC6F1E-163D-4BC3-A16C-8907FD2B2C09}.Database Debug|iPhoneSimulator.ActiveCfg = Debug|Any CPU
		{9AFC6F1E-163D-4BC3-A16C-8907FD2B2C09}.Database Debug|iPhoneSimulator.Build.0 = Debug|Any CPU
		{9AFC6F1E-163D-4BC3-A16C-8907FD2B2C09}.Database Debug|x64.ActiveCfg = Debug|Any CPU
		{9AFC6F1E-163D-4BC3-A16C-8907FD2B2C09}.Database Debug|x64.Build.0 = Debug|Any CPU
		{9AFC6F1E-163D-4BC3-A16C-8907FD2B2C09}.Database Debug|x86.ActiveCfg = Debug|Any CPU
		{9AFC6F1E-163D-4BC3-A16C-8907FD2B2C09}.Database Debug|x86.Build.0 = Debug|Any CPU
		{9AFC6F1E-163D-4BC3-A16C-8907FD2B2C09}.Database Release|Any CPU.ActiveCfg = Release|Any CPU
		{9AFC6F1E-163D-4BC3-A16C-8907FD2B2C09}.Database Release|Any CPU.Build.0 = Release|Any CPU
		{9AFC6F1E-163D-4BC3-A16C-8907FD2B2C09}.Database Release|ARM.ActiveCfg = Release|Any CPU
		{9AFC6F1E-163D-4BC3-A16C-8907FD2B2C09}.Database Release|ARM.Build.0 = Release|Any CPU
		{9AFC6F1E-163D-4BC3-A16C-8907FD2B2C09}.Database Release|iPhone.ActiveCfg = Release|Any CPU
		{9AFC6F1E-163D-4BC3-A16C-8907FD2B2C09}.Database Release|iPhone.Build.0 = Release|Any CPU
		{9AFC6F1E-163D-4BC3-A16C-8907FD2B2C09}.Database Release|iPhoneSimulator.ActiveCfg = Release|Any CPU
		{9AFC6F1E-163D-4BC3-A16C-8907FD2B2C09}.Database Release|iPhoneSimulator.Build.0 = Release|Any CPU
		{9AFC6F1E-163D-4BC3-A16C-8907FD2B2C09}.Database Release|x64.ActiveCfg = Release|Any CPU
		{9AFC6F1E-163D-4BC3-A16C-8907FD2B2C09}.Database Release|x64.Build.0 = Release|Any CPU
		{9AFC6F1E-163D-4BC3-A16C-8907FD2B2C09}.Database Release|x86.ActiveCfg = Release|Any CPU
		{9AFC6F1E-163D-4BC3-A16C-8907FD2B2C09}.Database Release|x86.Build.0 = Release|Any CPU
		{9AFC6F1E-163D-4BC3-A16C-8907FD2B2C09}.Debug|Any CPU.ActiveCfg = Debug|Any CPU
		{9AFC6F1E-163D-4BC3-A16C-8907FD2B2C09}.Debug|ARM.ActiveCfg = Debug|Any CPU
		{9AFC6F1E-163D-4BC3-A16C-8907FD2B2C09}.Debug|ARM.Build.0 = Debug|Any CPU
		{9AFC6F1E-163D-4BC3-A16C-8907FD2B2C09}.Debug|iPhone.ActiveCfg = Debug|Any CPU
		{9AFC6F1E-163D-4BC3-A16C-8907FD2B2C09}.Debug|iPhone.Build.0 = Debug|Any CPU
		{9AFC6F1E-163D-4BC3-A16C-8907FD2B2C09}.Debug|iPhoneSimulator.ActiveCfg = Debug|Any CPU
		{9AFC6F1E-163D-4BC3-A16C-8907FD2B2C09}.Debug|iPhoneSimulator.Build.0 = Debug|Any CPU
		{9AFC6F1E-163D-4BC3-A16C-8907FD2B2C09}.Debug|x64.ActiveCfg = Debug|Any CPU
		{9AFC6F1E-163D-4BC3-A16C-8907FD2B2C09}.Debug|x86.ActiveCfg = Debug|Any CPU
		{9AFC6F1E-163D-4BC3-A16C-8907FD2B2C09}.Debug|x86.Build.0 = Debug|Any CPU
		{9AFC6F1E-163D-4BC3-A16C-8907FD2B2C09}.Release|Any CPU.ActiveCfg = Release|Any CPU
		{9AFC6F1E-163D-4BC3-A16C-8907FD2B2C09}.Release|Any CPU.Build.0 = Release|Any CPU
		{9AFC6F1E-163D-4BC3-A16C-8907FD2B2C09}.Release|ARM.ActiveCfg = Release|Any CPU
		{9AFC6F1E-163D-4BC3-A16C-8907FD2B2C09}.Release|ARM.Build.0 = Release|Any CPU
		{9AFC6F1E-163D-4BC3-A16C-8907FD2B2C09}.Release|iPhone.ActiveCfg = Release|Any CPU
		{9AFC6F1E-163D-4BC3-A16C-8907FD2B2C09}.Release|iPhone.Build.0 = Release|Any CPU
		{9AFC6F1E-163D-4BC3-A16C-8907FD2B2C09}.Release|iPhoneSimulator.ActiveCfg = Release|Any CPU
		{9AFC6F1E-163D-4BC3-A16C-8907FD2B2C09}.Release|iPhoneSimulator.Build.0 = Release|Any CPU
		{9AFC6F1E-163D-4BC3-A16C-8907FD2B2C09}.Release|x64.ActiveCfg = Release|Any CPU
		{9AFC6F1E-163D-4BC3-A16C-8907FD2B2C09}.Release|x64.Build.0 = Release|Any CPU
		{9AFC6F1E-163D-4BC3-A16C-8907FD2B2C09}.Release|x86.ActiveCfg = Release|Any CPU
		{9AFC6F1E-163D-4BC3-A16C-8907FD2B2C09}.Release|x86.Build.0 = Release|Any CPU
		{FFFD302D-29E6-4613-A549-C881ACB49B98}.Ad-Hoc|Any CPU.ActiveCfg = Debug|Any CPU
		{FFFD302D-29E6-4613-A549-C881ACB49B98}.Ad-Hoc|Any CPU.Build.0 = Debug|Any CPU
		{FFFD302D-29E6-4613-A549-C881ACB49B98}.Ad-Hoc|ARM.ActiveCfg = Debug|Any CPU
		{FFFD302D-29E6-4613-A549-C881ACB49B98}.Ad-Hoc|ARM.Build.0 = Debug|Any CPU
		{FFFD302D-29E6-4613-A549-C881ACB49B98}.Ad-Hoc|iPhone.ActiveCfg = Debug|Any CPU
		{FFFD302D-29E6-4613-A549-C881ACB49B98}.Ad-Hoc|iPhone.Build.0 = Debug|Any CPU
		{FFFD302D-29E6-4613-A549-C881ACB49B98}.Ad-Hoc|iPhoneSimulator.ActiveCfg = Debug|Any CPU
		{FFFD302D-29E6-4613-A549-C881ACB49B98}.Ad-Hoc|iPhoneSimulator.Build.0 = Debug|Any CPU
		{FFFD302D-29E6-4613-A549-C881ACB49B98}.Ad-Hoc|x64.ActiveCfg = Debug|Any CPU
		{FFFD302D-29E6-4613-A549-C881ACB49B98}.Ad-Hoc|x64.Build.0 = Debug|Any CPU
		{FFFD302D-29E6-4613-A549-C881ACB49B98}.Ad-Hoc|x86.ActiveCfg = Debug|Any CPU
		{FFFD302D-29E6-4613-A549-C881ACB49B98}.Ad-Hoc|x86.Build.0 = Debug|Any CPU
		{FFFD302D-29E6-4613-A549-C881ACB49B98}.AppStore|Any CPU.ActiveCfg = Debug|Any CPU
		{FFFD302D-29E6-4613-A549-C881ACB49B98}.AppStore|Any CPU.Build.0 = Debug|Any CPU
		{FFFD302D-29E6-4613-A549-C881ACB49B98}.AppStore|ARM.ActiveCfg = Debug|Any CPU
		{FFFD302D-29E6-4613-A549-C881ACB49B98}.AppStore|ARM.Build.0 = Debug|Any CPU
		{FFFD302D-29E6-4613-A549-C881ACB49B98}.AppStore|iPhone.ActiveCfg = Debug|Any CPU
		{FFFD302D-29E6-4613-A549-C881ACB49B98}.AppStore|iPhone.Build.0 = Debug|Any CPU
		{FFFD302D-29E6-4613-A549-C881ACB49B98}.AppStore|iPhoneSimulator.ActiveCfg = Debug|Any CPU
		{FFFD302D-29E6-4613-A549-C881ACB49B98}.AppStore|iPhoneSimulator.Build.0 = Debug|Any CPU
		{FFFD302D-29E6-4613-A549-C881ACB49B98}.AppStore|x64.ActiveCfg = Debug|Any CPU
		{FFFD302D-29E6-4613-A549-C881ACB49B98}.AppStore|x64.Build.0 = Debug|Any CPU
		{FFFD302D-29E6-4613-A549-C881ACB49B98}.AppStore|x86.ActiveCfg = Debug|Any CPU
		{FFFD302D-29E6-4613-A549-C881ACB49B98}.AppStore|x86.Build.0 = Debug|Any CPU
		{FFFD302D-29E6-4613-A549-C881ACB49B98}.Database Debug|Any CPU.ActiveCfg = Debug|Any CPU
		{FFFD302D-29E6-4613-A549-C881ACB49B98}.Database Debug|Any CPU.Build.0 = Debug|Any CPU
		{FFFD302D-29E6-4613-A549-C881ACB49B98}.Database Debug|ARM.ActiveCfg = Debug|Any CPU
		{FFFD302D-29E6-4613-A549-C881ACB49B98}.Database Debug|ARM.Build.0 = Debug|Any CPU
		{FFFD302D-29E6-4613-A549-C881ACB49B98}.Database Debug|iPhone.ActiveCfg = Debug|Any CPU
		{FFFD302D-29E6-4613-A549-C881ACB49B98}.Database Debug|iPhone.Build.0 = Debug|Any CPU
		{FFFD302D-29E6-4613-A549-C881ACB49B98}.Database Debug|iPhoneSimulator.ActiveCfg = Debug|Any CPU
		{FFFD302D-29E6-4613-A549-C881ACB49B98}.Database Debug|iPhoneSimulator.Build.0 = Debug|Any CPU
		{FFFD302D-29E6-4613-A549-C881ACB49B98}.Database Debug|x64.ActiveCfg = Debug|Any CPU
		{FFFD302D-29E6-4613-A549-C881ACB49B98}.Database Debug|x64.Build.0 = Debug|Any CPU
		{FFFD302D-29E6-4613-A549-C881ACB49B98}.Database Debug|x86.ActiveCfg = Debug|Any CPU
		{FFFD302D-29E6-4613-A549-C881ACB49B98}.Database Debug|x86.Build.0 = Debug|Any CPU
		{FFFD302D-29E6-4613-A549-C881ACB49B98}.Database Release|Any CPU.ActiveCfg = Release|Any CPU
		{FFFD302D-29E6-4613-A549-C881ACB49B98}.Database Release|Any CPU.Build.0 = Release|Any CPU
		{FFFD302D-29E6-4613-A549-C881ACB49B98}.Database Release|ARM.ActiveCfg = Release|Any CPU
		{FFFD302D-29E6-4613-A549-C881ACB49B98}.Database Release|ARM.Build.0 = Release|Any CPU
		{FFFD302D-29E6-4613-A549-C881ACB49B98}.Database Release|iPhone.ActiveCfg = Release|Any CPU
		{FFFD302D-29E6-4613-A549-C881ACB49B98}.Database Release|iPhone.Build.0 = Release|Any CPU
		{FFFD302D-29E6-4613-A549-C881ACB49B98}.Database Release|iPhoneSimulator.ActiveCfg = Release|Any CPU
		{FFFD302D-29E6-4613-A549-C881ACB49B98}.Database Release|iPhoneSimulator.Build.0 = Release|Any CPU
		{FFFD302D-29E6-4613-A549-C881ACB49B98}.Database Release|x64.ActiveCfg = Release|Any CPU
		{FFFD302D-29E6-4613-A549-C881ACB49B98}.Database Release|x64.Build.0 = Release|Any CPU
		{FFFD302D-29E6-4613-A549-C881ACB49B98}.Database Release|x86.ActiveCfg = Release|Any CPU
		{FFFD302D-29E6-4613-A549-C881ACB49B98}.Database Release|x86.Build.0 = Release|Any CPU
		{FFFD302D-29E6-4613-A549-C881ACB49B98}.Debug|Any CPU.ActiveCfg = Debug|Any CPU
		{FFFD302D-29E6-4613-A549-C881ACB49B98}.Debug|Any CPU.Build.0 = Debug|Any CPU
		{FFFD302D-29E6-4613-A549-C881ACB49B98}.Debug|ARM.ActiveCfg = Debug|Any CPU
		{FFFD302D-29E6-4613-A549-C881ACB49B98}.Debug|ARM.Build.0 = Debug|Any CPU
		{FFFD302D-29E6-4613-A549-C881ACB49B98}.Debug|iPhone.ActiveCfg = Debug|Any CPU
		{FFFD302D-29E6-4613-A549-C881ACB49B98}.Debug|iPhone.Build.0 = Debug|Any CPU
		{FFFD302D-29E6-4613-A549-C881ACB49B98}.Debug|iPhoneSimulator.ActiveCfg = Debug|Any CPU
		{FFFD302D-29E6-4613-A549-C881ACB49B98}.Debug|iPhoneSimulator.Build.0 = Debug|Any CPU
		{FFFD302D-29E6-4613-A549-C881ACB49B98}.Debug|x64.ActiveCfg = Debug|Any CPU
		{FFFD302D-29E6-4613-A549-C881ACB49B98}.Debug|x64.Build.0 = Debug|Any CPU
		{FFFD302D-29E6-4613-A549-C881ACB49B98}.Debug|x86.ActiveCfg = Debug|Any CPU
		{FFFD302D-29E6-4613-A549-C881ACB49B98}.Debug|x86.Build.0 = Debug|Any CPU
		{FFFD302D-29E6-4613-A549-C881ACB49B98}.Release|Any CPU.ActiveCfg = Release|Any CPU
		{FFFD302D-29E6-4613-A549-C881ACB49B98}.Release|Any CPU.Build.0 = Release|Any CPU
		{FFFD302D-29E6-4613-A549-C881ACB49B98}.Release|ARM.ActiveCfg = Release|Any CPU
		{FFFD302D-29E6-4613-A549-C881ACB49B98}.Release|ARM.Build.0 = Release|Any CPU
		{FFFD302D-29E6-4613-A549-C881ACB49B98}.Release|iPhone.ActiveCfg = Release|Any CPU
		{FFFD302D-29E6-4613-A549-C881ACB49B98}.Release|iPhone.Build.0 = Release|Any CPU
		{FFFD302D-29E6-4613-A549-C881ACB49B98}.Release|iPhoneSimulator.ActiveCfg = Release|Any CPU
		{FFFD302D-29E6-4613-A549-C881ACB49B98}.Release|iPhoneSimulator.Build.0 = Release|Any CPU
		{FFFD302D-29E6-4613-A549-C881ACB49B98}.Release|x64.ActiveCfg = Release|Any CPU
		{FFFD302D-29E6-4613-A549-C881ACB49B98}.Release|x64.Build.0 = Release|Any CPU
		{FFFD302D-29E6-4613-A549-C881ACB49B98}.Release|x86.ActiveCfg = Release|Any CPU
		{FFFD302D-29E6-4613-A549-C881ACB49B98}.Release|x86.Build.0 = Release|Any CPU
		{D507266F-35CF-4A19-A01E-C9A590B25879}.Ad-Hoc|Any CPU.ActiveCfg = Debug|Any CPU
		{D507266F-35CF-4A19-A01E-C9A590B25879}.Ad-Hoc|Any CPU.Build.0 = Debug|Any CPU
		{D507266F-35CF-4A19-A01E-C9A590B25879}.Ad-Hoc|ARM.ActiveCfg = Debug|Any CPU
		{D507266F-35CF-4A19-A01E-C9A590B25879}.Ad-Hoc|ARM.Build.0 = Debug|Any CPU
		{D507266F-35CF-4A19-A01E-C9A590B25879}.Ad-Hoc|iPhone.ActiveCfg = Debug|Any CPU
		{D507266F-35CF-4A19-A01E-C9A590B25879}.Ad-Hoc|iPhone.Build.0 = Debug|Any CPU
		{D507266F-35CF-4A19-A01E-C9A590B25879}.Ad-Hoc|iPhoneSimulator.ActiveCfg = Debug|Any CPU
		{D507266F-35CF-4A19-A01E-C9A590B25879}.Ad-Hoc|iPhoneSimulator.Build.0 = Debug|Any CPU
		{D507266F-35CF-4A19-A01E-C9A590B25879}.Ad-Hoc|x64.ActiveCfg = Debug|Any CPU
		{D507266F-35CF-4A19-A01E-C9A590B25879}.Ad-Hoc|x64.Build.0 = Debug|Any CPU
		{D507266F-35CF-4A19-A01E-C9A590B25879}.Ad-Hoc|x86.ActiveCfg = Debug|Any CPU
		{D507266F-35CF-4A19-A01E-C9A590B25879}.Ad-Hoc|x86.Build.0 = Debug|Any CPU
		{D507266F-35CF-4A19-A01E-C9A590B25879}.AppStore|Any CPU.ActiveCfg = Debug|Any CPU
		{D507266F-35CF-4A19-A01E-C9A590B25879}.AppStore|Any CPU.Build.0 = Debug|Any CPU
		{D507266F-35CF-4A19-A01E-C9A590B25879}.AppStore|ARM.ActiveCfg = Debug|Any CPU
		{D507266F-35CF-4A19-A01E-C9A590B25879}.AppStore|ARM.Build.0 = Debug|Any CPU
		{D507266F-35CF-4A19-A01E-C9A590B25879}.AppStore|iPhone.ActiveCfg = Debug|Any CPU
		{D507266F-35CF-4A19-A01E-C9A590B25879}.AppStore|iPhone.Build.0 = Debug|Any CPU
		{D507266F-35CF-4A19-A01E-C9A590B25879}.AppStore|iPhoneSimulator.ActiveCfg = Debug|Any CPU
		{D507266F-35CF-4A19-A01E-C9A590B25879}.AppStore|iPhoneSimulator.Build.0 = Debug|Any CPU
		{D507266F-35CF-4A19-A01E-C9A590B25879}.AppStore|x64.ActiveCfg = Debug|Any CPU
		{D507266F-35CF-4A19-A01E-C9A590B25879}.AppStore|x64.Build.0 = Debug|Any CPU
		{D507266F-35CF-4A19-A01E-C9A590B25879}.AppStore|x86.ActiveCfg = Debug|Any CPU
		{D507266F-35CF-4A19-A01E-C9A590B25879}.AppStore|x86.Build.0 = Debug|Any CPU
		{D507266F-35CF-4A19-A01E-C9A590B25879}.Database Debug|Any CPU.ActiveCfg = Debug|Any CPU
		{D507266F-35CF-4A19-A01E-C9A590B25879}.Database Debug|Any CPU.Build.0 = Debug|Any CPU
		{D507266F-35CF-4A19-A01E-C9A590B25879}.Database Debug|ARM.ActiveCfg = Debug|Any CPU
		{D507266F-35CF-4A19-A01E-C9A590B25879}.Database Debug|ARM.Build.0 = Debug|Any CPU
		{D507266F-35CF-4A19-A01E-C9A590B25879}.Database Debug|iPhone.ActiveCfg = Debug|Any CPU
		{D507266F-35CF-4A19-A01E-C9A590B25879}.Database Debug|iPhone.Build.0 = Debug|Any CPU
		{D507266F-35CF-4A19-A01E-C9A590B25879}.Database Debug|iPhoneSimulator.ActiveCfg = Debug|Any CPU
		{D507266F-35CF-4A19-A01E-C9A590B25879}.Database Debug|iPhoneSimulator.Build.0 = Debug|Any CPU
		{D507266F-35CF-4A19-A01E-C9A590B25879}.Database Debug|x64.ActiveCfg = Debug|Any CPU
		{D507266F-35CF-4A19-A01E-C9A590B25879}.Database Debug|x64.Build.0 = Debug|Any CPU
		{D507266F-35CF-4A19-A01E-C9A590B25879}.Database Debug|x86.ActiveCfg = Debug|Any CPU
		{D507266F-35CF-4A19-A01E-C9A590B25879}.Database Debug|x86.Build.0 = Debug|Any CPU
		{D507266F-35CF-4A19-A01E-C9A590B25879}.Database Release|Any CPU.ActiveCfg = Release|Any CPU
		{D507266F-35CF-4A19-A01E-C9A590B25879}.Database Release|Any CPU.Build.0 = Release|Any CPU
		{D507266F-35CF-4A19-A01E-C9A590B25879}.Database Release|ARM.ActiveCfg = Release|Any CPU
		{D507266F-35CF-4A19-A01E-C9A590B25879}.Database Release|ARM.Build.0 = Release|Any CPU
		{D507266F-35CF-4A19-A01E-C9A590B25879}.Database Release|iPhone.ActiveCfg = Release|Any CPU
		{D507266F-35CF-4A19-A01E-C9A590B25879}.Database Release|iPhone.Build.0 = Release|Any CPU
		{D507266F-35CF-4A19-A01E-C9A590B25879}.Database Release|iPhoneSimulator.ActiveCfg = Release|Any CPU
		{D507266F-35CF-4A19-A01E-C9A590B25879}.Database Release|iPhoneSimulator.Build.0 = Release|Any CPU
		{D507266F-35CF-4A19-A01E-C9A590B25879}.Database Release|x64.ActiveCfg = Release|Any CPU
		{D507266F-35CF-4A19-A01E-C9A590B25879}.Database Release|x64.Build.0 = Release|Any CPU
		{D507266F-35CF-4A19-A01E-C9A590B25879}.Database Release|x86.ActiveCfg = Release|Any CPU
		{D507266F-35CF-4A19-A01E-C9A590B25879}.Database Release|x86.Build.0 = Release|Any CPU
		{D507266F-35CF-4A19-A01E-C9A590B25879}.Debug|Any CPU.ActiveCfg = Debug|Any CPU
		{D507266F-35CF-4A19-A01E-C9A590B25879}.Debug|Any CPU.Build.0 = Debug|Any CPU
		{D507266F-35CF-4A19-A01E-C9A590B25879}.Debug|ARM.ActiveCfg = Debug|Any CPU
		{D507266F-35CF-4A19-A01E-C9A590B25879}.Debug|ARM.Build.0 = Debug|Any CPU
		{D507266F-35CF-4A19-A01E-C9A590B25879}.Debug|iPhone.ActiveCfg = Debug|Any CPU
		{D507266F-35CF-4A19-A01E-C9A590B25879}.Debug|iPhone.Build.0 = Debug|Any CPU
		{D507266F-35CF-4A19-A01E-C9A590B25879}.Debug|iPhoneSimulator.ActiveCfg = Debug|Any CPU
		{D507266F-35CF-4A19-A01E-C9A590B25879}.Debug|iPhoneSimulator.Build.0 = Debug|Any CPU
		{D507266F-35CF-4A19-A01E-C9A590B25879}.Debug|x64.ActiveCfg = Debug|Any CPU
		{D507266F-35CF-4A19-A01E-C9A590B25879}.Debug|x64.Build.0 = Debug|Any CPU
		{D507266F-35CF-4A19-A01E-C9A590B25879}.Debug|x86.ActiveCfg = Debug|Any CPU
		{D507266F-35CF-4A19-A01E-C9A590B25879}.Debug|x86.Build.0 = Debug|Any CPU
		{D507266F-35CF-4A19-A01E-C9A590B25879}.Release|Any CPU.ActiveCfg = Release|Any CPU
		{D507266F-35CF-4A19-A01E-C9A590B25879}.Release|Any CPU.Build.0 = Release|Any CPU
		{D507266F-35CF-4A19-A01E-C9A590B25879}.Release|ARM.ActiveCfg = Release|Any CPU
		{D507266F-35CF-4A19-A01E-C9A590B25879}.Release|ARM.Build.0 = Release|Any CPU
		{D507266F-35CF-4A19-A01E-C9A590B25879}.Release|iPhone.ActiveCfg = Release|Any CPU
		{D507266F-35CF-4A19-A01E-C9A590B25879}.Release|iPhone.Build.0 = Release|Any CPU
		{D507266F-35CF-4A19-A01E-C9A590B25879}.Release|iPhoneSimulator.ActiveCfg = Release|Any CPU
		{D507266F-35CF-4A19-A01E-C9A590B25879}.Release|iPhoneSimulator.Build.0 = Release|Any CPU
		{D507266F-35CF-4A19-A01E-C9A590B25879}.Release|x64.ActiveCfg = Release|Any CPU
		{D507266F-35CF-4A19-A01E-C9A590B25879}.Release|x64.Build.0 = Release|Any CPU
		{D507266F-35CF-4A19-A01E-C9A590B25879}.Release|x86.ActiveCfg = Release|Any CPU
		{D507266F-35CF-4A19-A01E-C9A590B25879}.Release|x86.Build.0 = Release|Any CPU
		{B462A0E3-450E-4EC7-B44D-BAF2E682F308}.Ad-Hoc|Any CPU.ActiveCfg = Debug|Any CPU
		{B462A0E3-450E-4EC7-B44D-BAF2E682F308}.Ad-Hoc|Any CPU.Build.0 = Debug|Any CPU
		{B462A0E3-450E-4EC7-B44D-BAF2E682F308}.Ad-Hoc|ARM.ActiveCfg = Debug|Any CPU
		{B462A0E3-450E-4EC7-B44D-BAF2E682F308}.Ad-Hoc|ARM.Build.0 = Debug|Any CPU
		{B462A0E3-450E-4EC7-B44D-BAF2E682F308}.Ad-Hoc|iPhone.ActiveCfg = Debug|Any CPU
		{B462A0E3-450E-4EC7-B44D-BAF2E682F308}.Ad-Hoc|iPhone.Build.0 = Debug|Any CPU
		{B462A0E3-450E-4EC7-B44D-BAF2E682F308}.Ad-Hoc|iPhoneSimulator.ActiveCfg = Debug|Any CPU
		{B462A0E3-450E-4EC7-B44D-BAF2E682F308}.Ad-Hoc|iPhoneSimulator.Build.0 = Debug|Any CPU
		{B462A0E3-450E-4EC7-B44D-BAF2E682F308}.Ad-Hoc|x64.ActiveCfg = Debug|Any CPU
		{B462A0E3-450E-4EC7-B44D-BAF2E682F308}.Ad-Hoc|x64.Build.0 = Debug|Any CPU
		{B462A0E3-450E-4EC7-B44D-BAF2E682F308}.Ad-Hoc|x86.ActiveCfg = Debug|Any CPU
		{B462A0E3-450E-4EC7-B44D-BAF2E682F308}.Ad-Hoc|x86.Build.0 = Debug|Any CPU
		{B462A0E3-450E-4EC7-B44D-BAF2E682F308}.AppStore|Any CPU.ActiveCfg = Debug|Any CPU
		{B462A0E3-450E-4EC7-B44D-BAF2E682F308}.AppStore|Any CPU.Build.0 = Debug|Any CPU
		{B462A0E3-450E-4EC7-B44D-BAF2E682F308}.AppStore|ARM.ActiveCfg = Debug|Any CPU
		{B462A0E3-450E-4EC7-B44D-BAF2E682F308}.AppStore|ARM.Build.0 = Debug|Any CPU
		{B462A0E3-450E-4EC7-B44D-BAF2E682F308}.AppStore|iPhone.ActiveCfg = Debug|Any CPU
		{B462A0E3-450E-4EC7-B44D-BAF2E682F308}.AppStore|iPhone.Build.0 = Debug|Any CPU
		{B462A0E3-450E-4EC7-B44D-BAF2E682F308}.AppStore|iPhoneSimulator.ActiveCfg = Debug|Any CPU
		{B462A0E3-450E-4EC7-B44D-BAF2E682F308}.AppStore|iPhoneSimulator.Build.0 = Debug|Any CPU
		{B462A0E3-450E-4EC7-B44D-BAF2E682F308}.AppStore|x64.ActiveCfg = Debug|Any CPU
		{B462A0E3-450E-4EC7-B44D-BAF2E682F308}.AppStore|x64.Build.0 = Debug|Any CPU
		{B462A0E3-450E-4EC7-B44D-BAF2E682F308}.AppStore|x86.ActiveCfg = Debug|Any CPU
		{B462A0E3-450E-4EC7-B44D-BAF2E682F308}.AppStore|x86.Build.0 = Debug|Any CPU
		{B462A0E3-450E-4EC7-B44D-BAF2E682F308}.Database Debug|Any CPU.ActiveCfg = Debug|Any CPU
		{B462A0E3-450E-4EC7-B44D-BAF2E682F308}.Database Debug|Any CPU.Build.0 = Debug|Any CPU
		{B462A0E3-450E-4EC7-B44D-BAF2E682F308}.Database Debug|ARM.ActiveCfg = Debug|Any CPU
		{B462A0E3-450E-4EC7-B44D-BAF2E682F308}.Database Debug|ARM.Build.0 = Debug|Any CPU
		{B462A0E3-450E-4EC7-B44D-BAF2E682F308}.Database Debug|iPhone.ActiveCfg = Debug|Any CPU
		{B462A0E3-450E-4EC7-B44D-BAF2E682F308}.Database Debug|iPhone.Build.0 = Debug|Any CPU
		{B462A0E3-450E-4EC7-B44D-BAF2E682F308}.Database Debug|iPhoneSimulator.ActiveCfg = Debug|Any CPU
		{B462A0E3-450E-4EC7-B44D-BAF2E682F308}.Database Debug|iPhoneSimulator.Build.0 = Debug|Any CPU
		{B462A0E3-450E-4EC7-B44D-BAF2E682F308}.Database Debug|x64.ActiveCfg = Debug|Any CPU
		{B462A0E3-450E-4EC7-B44D-BAF2E682F308}.Database Debug|x64.Build.0 = Debug|Any CPU
		{B462A0E3-450E-4EC7-B44D-BAF2E682F308}.Database Debug|x86.ActiveCfg = Debug|Any CPU
		{B462A0E3-450E-4EC7-B44D-BAF2E682F308}.Database Debug|x86.Build.0 = Debug|Any CPU
		{B462A0E3-450E-4EC7-B44D-BAF2E682F308}.Database Release|Any CPU.ActiveCfg = Release|Any CPU
		{B462A0E3-450E-4EC7-B44D-BAF2E682F308}.Database Release|Any CPU.Build.0 = Release|Any CPU
		{B462A0E3-450E-4EC7-B44D-BAF2E682F308}.Database Release|ARM.ActiveCfg = Release|Any CPU
		{B462A0E3-450E-4EC7-B44D-BAF2E682F308}.Database Release|ARM.Build.0 = Release|Any CPU
		{B462A0E3-450E-4EC7-B44D-BAF2E682F308}.Database Release|iPhone.ActiveCfg = Release|Any CPU
		{B462A0E3-450E-4EC7-B44D-BAF2E682F308}.Database Release|iPhone.Build.0 = Release|Any CPU
		{B462A0E3-450E-4EC7-B44D-BAF2E682F308}.Database Release|iPhoneSimulator.ActiveCfg = Release|Any CPU
		{B462A0E3-450E-4EC7-B44D-BAF2E682F308}.Database Release|iPhoneSimulator.Build.0 = Release|Any CPU
		{B462A0E3-450E-4EC7-B44D-BAF2E682F308}.Database Release|x64.ActiveCfg = Release|Any CPU
		{B462A0E3-450E-4EC7-B44D-BAF2E682F308}.Database Release|x64.Build.0 = Release|Any CPU
		{B462A0E3-450E-4EC7-B44D-BAF2E682F308}.Database Release|x86.ActiveCfg = Release|Any CPU
		{B462A0E3-450E-4EC7-B44D-BAF2E682F308}.Database Release|x86.Build.0 = Release|Any CPU
		{B462A0E3-450E-4EC7-B44D-BAF2E682F308}.Debug|Any CPU.ActiveCfg = Debug|Any CPU
		{B462A0E3-450E-4EC7-B44D-BAF2E682F308}.Debug|ARM.ActiveCfg = Debug|Any CPU
		{B462A0E3-450E-4EC7-B44D-BAF2E682F308}.Debug|ARM.Build.0 = Debug|Any CPU
		{B462A0E3-450E-4EC7-B44D-BAF2E682F308}.Debug|iPhone.ActiveCfg = Debug|Any CPU
		{B462A0E3-450E-4EC7-B44D-BAF2E682F308}.Debug|iPhone.Build.0 = Debug|Any CPU
		{B462A0E3-450E-4EC7-B44D-BAF2E682F308}.Debug|iPhoneSimulator.ActiveCfg = Debug|Any CPU
		{B462A0E3-450E-4EC7-B44D-BAF2E682F308}.Debug|iPhoneSimulator.Build.0 = Debug|Any CPU
		{B462A0E3-450E-4EC7-B44D-BAF2E682F308}.Debug|x64.ActiveCfg = Debug|Any CPU
		{B462A0E3-450E-4EC7-B44D-BAF2E682F308}.Debug|x86.ActiveCfg = Debug|Any CPU
		{B462A0E3-450E-4EC7-B44D-BAF2E682F308}.Debug|x86.Build.0 = Debug|Any CPU
		{B462A0E3-450E-4EC7-B44D-BAF2E682F308}.Release|Any CPU.ActiveCfg = Release|Any CPU
		{B462A0E3-450E-4EC7-B44D-BAF2E682F308}.Release|Any CPU.Build.0 = Release|Any CPU
		{B462A0E3-450E-4EC7-B44D-BAF2E682F308}.Release|ARM.ActiveCfg = Release|Any CPU
		{B462A0E3-450E-4EC7-B44D-BAF2E682F308}.Release|ARM.Build.0 = Release|Any CPU
		{B462A0E3-450E-4EC7-B44D-BAF2E682F308}.Release|iPhone.ActiveCfg = Release|Any CPU
		{B462A0E3-450E-4EC7-B44D-BAF2E682F308}.Release|iPhone.Build.0 = Release|Any CPU
		{B462A0E3-450E-4EC7-B44D-BAF2E682F308}.Release|iPhoneSimulator.ActiveCfg = Release|Any CPU
		{B462A0E3-450E-4EC7-B44D-BAF2E682F308}.Release|iPhoneSimulator.Build.0 = Release|Any CPU
		{B462A0E3-450E-4EC7-B44D-BAF2E682F308}.Release|x64.ActiveCfg = Release|Any CPU
		{B462A0E3-450E-4EC7-B44D-BAF2E682F308}.Release|x64.Build.0 = Release|Any CPU
		{B462A0E3-450E-4EC7-B44D-BAF2E682F308}.Release|x86.ActiveCfg = Release|Any CPU
		{B462A0E3-450E-4EC7-B44D-BAF2E682F308}.Release|x86.Build.0 = Release|Any CPU
		{F3E9EA97-35AD-41C5-9C10-34C001BEA432}.Ad-Hoc|Any CPU.ActiveCfg = Debug|Any CPU
		{F3E9EA97-35AD-41C5-9C10-34C001BEA432}.Ad-Hoc|Any CPU.Build.0 = Debug|Any CPU
		{F3E9EA97-35AD-41C5-9C10-34C001BEA432}.Ad-Hoc|ARM.ActiveCfg = Debug|Any CPU
		{F3E9EA97-35AD-41C5-9C10-34C001BEA432}.Ad-Hoc|ARM.Build.0 = Debug|Any CPU
		{F3E9EA97-35AD-41C5-9C10-34C001BEA432}.Ad-Hoc|iPhone.ActiveCfg = Debug|Any CPU
		{F3E9EA97-35AD-41C5-9C10-34C001BEA432}.Ad-Hoc|iPhone.Build.0 = Debug|Any CPU
		{F3E9EA97-35AD-41C5-9C10-34C001BEA432}.Ad-Hoc|iPhoneSimulator.ActiveCfg = Debug|Any CPU
		{F3E9EA97-35AD-41C5-9C10-34C001BEA432}.Ad-Hoc|iPhoneSimulator.Build.0 = Debug|Any CPU
		{F3E9EA97-35AD-41C5-9C10-34C001BEA432}.Ad-Hoc|x64.ActiveCfg = Debug|Any CPU
		{F3E9EA97-35AD-41C5-9C10-34C001BEA432}.Ad-Hoc|x64.Build.0 = Debug|Any CPU
		{F3E9EA97-35AD-41C5-9C10-34C001BEA432}.Ad-Hoc|x86.ActiveCfg = Debug|Any CPU
		{F3E9EA97-35AD-41C5-9C10-34C001BEA432}.Ad-Hoc|x86.Build.0 = Debug|Any CPU
		{F3E9EA97-35AD-41C5-9C10-34C001BEA432}.AppStore|Any CPU.ActiveCfg = Debug|Any CPU
		{F3E9EA97-35AD-41C5-9C10-34C001BEA432}.AppStore|Any CPU.Build.0 = Debug|Any CPU
		{F3E9EA97-35AD-41C5-9C10-34C001BEA432}.AppStore|ARM.ActiveCfg = Debug|Any CPU
		{F3E9EA97-35AD-41C5-9C10-34C001BEA432}.AppStore|ARM.Build.0 = Debug|Any CPU
		{F3E9EA97-35AD-41C5-9C10-34C001BEA432}.AppStore|iPhone.ActiveCfg = Debug|Any CPU
		{F3E9EA97-35AD-41C5-9C10-34C001BEA432}.AppStore|iPhone.Build.0 = Debug|Any CPU
		{F3E9EA97-35AD-41C5-9C10-34C001BEA432}.AppStore|iPhoneSimulator.ActiveCfg = Debug|Any CPU
		{F3E9EA97-35AD-41C5-9C10-34C001BEA432}.AppStore|iPhoneSimulator.Build.0 = Debug|Any CPU
		{F3E9EA97-35AD-41C5-9C10-34C001BEA432}.AppStore|x64.ActiveCfg = Debug|Any CPU
		{F3E9EA97-35AD-41C5-9C10-34C001BEA432}.AppStore|x64.Build.0 = Debug|Any CPU
		{F3E9EA97-35AD-41C5-9C10-34C001BEA432}.AppStore|x86.ActiveCfg = Debug|Any CPU
		{F3E9EA97-35AD-41C5-9C10-34C001BEA432}.AppStore|x86.Build.0 = Debug|Any CPU
		{F3E9EA97-35AD-41C5-9C10-34C001BEA432}.Database Debug|Any CPU.ActiveCfg = Debug|Any CPU
		{F3E9EA97-35AD-41C5-9C10-34C001BEA432}.Database Debug|Any CPU.Build.0 = Debug|Any CPU
		{F3E9EA97-35AD-41C5-9C10-34C001BEA432}.Database Debug|ARM.ActiveCfg = Debug|Any CPU
		{F3E9EA97-35AD-41C5-9C10-34C001BEA432}.Database Debug|ARM.Build.0 = Debug|Any CPU
		{F3E9EA97-35AD-41C5-9C10-34C001BEA432}.Database Debug|iPhone.ActiveCfg = Debug|Any CPU
		{F3E9EA97-35AD-41C5-9C10-34C001BEA432}.Database Debug|iPhone.Build.0 = Debug|Any CPU
		{F3E9EA97-35AD-41C5-9C10-34C001BEA432}.Database Debug|iPhoneSimulator.ActiveCfg = Debug|Any CPU
		{F3E9EA97-35AD-41C5-9C10-34C001BEA432}.Database Debug|iPhoneSimulator.Build.0 = Debug|Any CPU
		{F3E9EA97-35AD-41C5-9C10-34C001BEA432}.Database Debug|x64.ActiveCfg = Debug|Any CPU
		{F3E9EA97-35AD-41C5-9C10-34C001BEA432}.Database Debug|x64.Build.0 = Debug|Any CPU
		{F3E9EA97-35AD-41C5-9C10-34C001BEA432}.Database Debug|x86.ActiveCfg = Debug|Any CPU
		{F3E9EA97-35AD-41C5-9C10-34C001BEA432}.Database Debug|x86.Build.0 = Debug|Any CPU
		{F3E9EA97-35AD-41C5-9C10-34C001BEA432}.Database Release|Any CPU.ActiveCfg = Release|Any CPU
		{F3E9EA97-35AD-41C5-9C10-34C001BEA432}.Database Release|Any CPU.Build.0 = Release|Any CPU
		{F3E9EA97-35AD-41C5-9C10-34C001BEA432}.Database Release|ARM.ActiveCfg = Release|Any CPU
		{F3E9EA97-35AD-41C5-9C10-34C001BEA432}.Database Release|ARM.Build.0 = Release|Any CPU
		{F3E9EA97-35AD-41C5-9C10-34C001BEA432}.Database Release|iPhone.ActiveCfg = Release|Any CPU
		{F3E9EA97-35AD-41C5-9C10-34C001BEA432}.Database Release|iPhone.Build.0 = Release|Any CPU
		{F3E9EA97-35AD-41C5-9C10-34C001BEA432}.Database Release|iPhoneSimulator.ActiveCfg = Release|Any CPU
		{F3E9EA97-35AD-41C5-9C10-34C001BEA432}.Database Release|iPhoneSimulator.Build.0 = Release|Any CPU
		{F3E9EA97-35AD-41C5-9C10-34C001BEA432}.Database Release|x64.ActiveCfg = Release|Any CPU
		{F3E9EA97-35AD-41C5-9C10-34C001BEA432}.Database Release|x64.Build.0 = Release|Any CPU
		{F3E9EA97-35AD-41C5-9C10-34C001BEA432}.Database Release|x86.ActiveCfg = Release|Any CPU
		{F3E9EA97-35AD-41C5-9C10-34C001BEA432}.Database Release|x86.Build.0 = Release|Any CPU
		{F3E9EA97-35AD-41C5-9C10-34C001BEA432}.Debug|Any CPU.ActiveCfg = Debug|Any CPU
		{F3E9EA97-35AD-41C5-9C10-34C001BEA432}.Debug|Any CPU.Build.0 = Debug|Any CPU
		{F3E9EA97-35AD-41C5-9C10-34C001BEA432}.Debug|ARM.ActiveCfg = Debug|Any CPU
		{F3E9EA97-35AD-41C5-9C10-34C001BEA432}.Debug|ARM.Build.0 = Debug|Any CPU
		{F3E9EA97-35AD-41C5-9C10-34C001BEA432}.Debug|iPhone.ActiveCfg = Debug|Any CPU
		{F3E9EA97-35AD-41C5-9C10-34C001BEA432}.Debug|iPhone.Build.0 = Debug|Any CPU
		{F3E9EA97-35AD-41C5-9C10-34C001BEA432}.Debug|iPhoneSimulator.ActiveCfg = Debug|Any CPU
		{F3E9EA97-35AD-41C5-9C10-34C001BEA432}.Debug|iPhoneSimulator.Build.0 = Debug|Any CPU
		{F3E9EA97-35AD-41C5-9C10-34C001BEA432}.Debug|x64.ActiveCfg = Debug|Any CPU
		{F3E9EA97-35AD-41C5-9C10-34C001BEA432}.Debug|x64.Build.0 = Debug|Any CPU
		{F3E9EA97-35AD-41C5-9C10-34C001BEA432}.Debug|x86.ActiveCfg = Debug|Any CPU
		{F3E9EA97-35AD-41C5-9C10-34C001BEA432}.Debug|x86.Build.0 = Debug|Any CPU
		{F3E9EA97-35AD-41C5-9C10-34C001BEA432}.Release|Any CPU.ActiveCfg = Release|Any CPU
		{F3E9EA97-35AD-41C5-9C10-34C001BEA432}.Release|Any CPU.Build.0 = Release|Any CPU
		{F3E9EA97-35AD-41C5-9C10-34C001BEA432}.Release|ARM.ActiveCfg = Release|Any CPU
		{F3E9EA97-35AD-41C5-9C10-34C001BEA432}.Release|ARM.Build.0 = Release|Any CPU
		{F3E9EA97-35AD-41C5-9C10-34C001BEA432}.Release|iPhone.ActiveCfg = Release|Any CPU
		{F3E9EA97-35AD-41C5-9C10-34C001BEA432}.Release|iPhone.Build.0 = Release|Any CPU
		{F3E9EA97-35AD-41C5-9C10-34C001BEA432}.Release|iPhoneSimulator.ActiveCfg = Release|Any CPU
		{F3E9EA97-35AD-41C5-9C10-34C001BEA432}.Release|iPhoneSimulator.Build.0 = Release|Any CPU
		{F3E9EA97-35AD-41C5-9C10-34C001BEA432}.Release|x64.ActiveCfg = Release|Any CPU
		{F3E9EA97-35AD-41C5-9C10-34C001BEA432}.Release|x64.Build.0 = Release|Any CPU
		{F3E9EA97-35AD-41C5-9C10-34C001BEA432}.Release|x86.ActiveCfg = Release|Any CPU
		{F3E9EA97-35AD-41C5-9C10-34C001BEA432}.Release|x86.Build.0 = Release|Any CPU
	EndGlobalSection
	GlobalSection(SolutionProperties) = preSolution
		HideSolutionNode = FALSE
	EndGlobalSection
	GlobalSection(NestedProjects) = preSolution
		{4776E6E3-1124-466D-8E27-52F65816EC17} = {E6356629-7814-44E5-81B5-3ACD26D2F9E5}
		{1E790B10-D053-43EE-8B04-D4F68AACD04C} = {E6356629-7814-44E5-81B5-3ACD26D2F9E5}
		{34B428F4-D211-4FE0-801A-9AD407F90416} = {E6356629-7814-44E5-81B5-3ACD26D2F9E5}
		{B462A0E3-450E-4EC7-B44D-BAF2E682F308} = {E6356629-7814-44E5-81B5-3ACD26D2F9E5}
		{F3E9EA97-35AD-41C5-9C10-34C001BEA432} = {E6356629-7814-44E5-81B5-3ACD26D2F9E5}
	EndGlobalSection
	GlobalSection(ExtensibilityGlobals) = postSolution
		SolutionGuid = {5D23AD25-9A4D-4DD6-B1C1-5DC3195DD784}
	EndGlobalSection
EndGlobal
